
Microsoft Visual Studio Solution File, Format Version 12.00
# Visual Studio Version 16
VisualStudioVersion = 16.0.31515.178
MinimumVisualStudioVersion = 10.0.40219.1
Project("{2150E333-8FDC-42A3-9474-1A3956D46DE8}") = "UI", "UI", "{96BE2240-F243-41C6-B050-CDD83504633B}"
	ProjectSection(SolutionItems) = preProject
		Rafy\_Items\UI 框架说明（必看）.txt = Rafy\_Items\UI 框架说明（必看）.txt
	EndProjectSection
EndProject
Project("{2150E333-8FDC-42A3-9474-1A3956D46DE8}") = "Web", "Web", "{88EAF8AF-E139-4254-9BDF-5DB3F48C12B2}"
EndProject
Project("{2150E333-8FDC-42A3-9474-1A3956D46DE8}") = "WPF", "WPF", "{E89C0D0B-94BF-422A-9575-284839572211}"
EndProject
Project("{2150E333-8FDC-42A3-9474-1A3956D46DE8}") = "UIA", "UIA", "{A9CBF9E8-4250-4282-8C3C-658DFD9B4084}"
EndProject
Project("{2150E333-8FDC-42A3-9474-1A3956D46DE8}") = "Plugins", "Plugins", "{DC52A572-512A-4D70-81C0-F0EF8B6FFC85}"
EndProject
Project("{2150E333-8FDC-42A3-9474-1A3956D46DE8}") = "Modeling", "Modeling", "{8EA20BE2-38C2-4A7E-B9BF-84CAFEA632B3}"
EndProject
Project("{2150E333-8FDC-42A3-9474-1A3956D46DE8}") = "Plugins", "Plugins", "{1E609049-148F-4954-97CE-810A78A9036D}"
EndProject
Project("{2150E333-8FDC-42A3-9474-1A3956D46DE8}") = "Test", "Test", "{EE01A744-1379-4CDE-93EE-90AD8A9B91AC}"
EndProject
Project("{2150E333-8FDC-42A3-9474-1A3956D46DE8}") = "SDK", "SDK", "{09769B96-A913-4654-9B5B-C4FB46CCDC4C}"
	ProjectSection(SolutionItems) = preProject
		Rafy\_Items\Rafy Version Log.txt = Rafy\_Items\Rafy Version Log.txt
		Rafy\_Items\RafySDK Version Log.txt = Rafy\_Items\RafySDK Version Log.txt
	EndProjectSection
EndProject
Project("{FAE04EC0-301F-11D3-BF4B-00C04F79EFBC}") = "Rafy.WPF", "Rafy\WPF\Rafy.WPF\Rafy.WPF.csproj", "{84399E4E-CC81-4B1F-9953-586B25B29792}"
EndProject
Project("{9A19103F-16F7-4668-BE54-9A1E7A4F7556}") = "RafyUnitTest", "Test\RafyUnitTest\RafyUnitTest.csproj", "{9AA27D8B-8F77-403B-99D0-51EB0CE01AC6}"
EndProject
Project("{9A19103F-16F7-4668-BE54-9A1E7A4F7556}") = "Rafy", "Rafy\Rafy\Rafy.csproj", "{966A5BF2-D690-426B-AD68-AD868BB8F855}"
EndProject
Project("{FAE04EC0-301F-11D3-BF4B-00C04F79EFBC}") = "Rafy.Web", "Rafy\Web\Rafy.Web\Rafy.Web.csproj", "{22A24653-E4A5-48E2-B9C7-A1B24DACECF3}"
EndProject
Project("{FAE04EC0-301F-11D3-BF4B-00C04F79EFBC}") = "Rafy.UIA", "Rafy\UIA\Rafy.UIA\Rafy.UIA.csproj", "{9D2CDAC7-CAED-4874-BCAF-3D160B26C48B}"
EndProject
Project("{9A19103F-16F7-4668-BE54-9A1E7A4F7556}") = "Rafy.UnitTest", "Test\Rafy.UnitTest\Rafy.UnitTest.csproj", "{D226414C-37F6-4618-8B91-7E80E7D2C42E}"
EndProject
Project("{FAE04EC0-301F-11D3-BF4B-00C04F79EFBC}") = "Rafy.WPF.Controls", "Rafy\WPF\Rafy.WPF.Controls\Rafy.WPF.Controls.csproj", "{9107E3A0-E18A-49B5-A214-DACCD5FE8723}"
EndProject
Project("{FAE04EC0-301F-11D3-BF4B-00C04F79EFBC}") = "Rafy.EntityObjectModel", "Rafy\Tools\Rafy.EntityObjectModel\Rafy.EntityObjectModel.csproj", "{FCECE939-5A33-44BA-B0FB-799D8EFCA7BF}"
EndProject
Project("{FAE04EC0-301F-11D3-BF4B-00C04F79EFBC}") = "Rafy.DomainModeling", "Rafy\Tools\Modeling\Rafy.DomainModeling\Rafy.DomainModeling.csproj", "{DA42D343-0E0B-4FC4-A698-90C041A57444}"
EndProject
Project("{FAE04EC0-301F-11D3-BF4B-00C04F79EFBC}") = "ModelingEnv", "Rafy\Tools\Modeling\ModelingEnv\ModelingEnv.csproj", "{C5C7E328-3C7C-4C93-AA83-338BCBB3DA50}"
EndProject
Project("{FAE04EC0-301F-11D3-BF4B-00C04F79EFBC}") = "RafySDK", "Rafy\Tools\VSPackage\RafySDK.csproj", "{B10AFEDA-3905-4A84-B8DF-B557B48040E3}"
EndProject
Project("{FAE04EC0-301F-11D3-BF4B-00C04F79EFBC}") = "DesignerEngine", "Rafy\Tools\Modeling\DesignerEngine\DesignerEngine.csproj", "{27C8A770-42FE-4BB4-9C2A-63A2DF354958}"
EndProject
Project("{FAE04EC0-301F-11D3-BF4B-00C04F79EFBC}") = "RafySDK.Templates", "Rafy\Tools\VSTemplates\RafySDK.Templates.csproj", "{50706521-F843-4C7D-9B27-5197B4088F3D}"
EndProject
Project("{9A19103F-16F7-4668-BE54-9A1E7A4F7556}") = "Rafy.UnitTest.WPF", "Test\Rafy.UnitTest.WPF\Rafy.UnitTest.WPF.csproj", "{F1E214F9-7C72-4C52-B262-A41CE23A3993}"
EndProject
Project("{9A19103F-16F7-4668-BE54-9A1E7A4F7556}") = "Rafy.UnitTest.Repository", "Test\Rafy.UnitTest.Repository\Rafy.UnitTest.Repository.csproj", "{03E2413D-EC73-44F1-A0D3-366C3892700A}"
EndProject
Project("{9A19103F-16F7-4668-BE54-9A1E7A4F7556}") = "Rafy.UnitTest.IDataProvider", "Test\Rafy.UnitTest.IDataProvider\Rafy.UnitTest.IDataProvider.csproj", "{C13C7DFE-3BDF-456E-8B7B-01AD483D7396}"
EndProject
Project("{9A19103F-16F7-4668-BE54-9A1E7A4F7556}") = "Rafy.UnitTest.DataProvider", "Test\Rafy.UnitTest.DataProvider\Rafy.UnitTest.DataProvider.csproj", "{DF5E92A5-B32F-41AE-B880-14069D4FE7F4}"
EndProject
Project("{9A19103F-16F7-4668-BE54-9A1E7A4F7556}") = "RafyUnitTest.ClientTest", "Test\RafyUnitTest.ClientTest\RafyUnitTest.ClientTest.csproj", "{7A57E885-049B-4145-A446-44245A8DF483}"
EndProject
Project("{9A19103F-16F7-4668-BE54-9A1E7A4F7556}") = "Rafy.ComponentModel.UnityAdapter", "Rafy\Plugins\Rafy.ComponentModel.UnityAdapter\Rafy.ComponentModel.UnityAdapter.csproj", "{BE8C3CD6-F314-453D-A0ED-FCFEC0DEADBC}"
EndProject
Project("{9A19103F-16F7-4668-BE54-9A1E7A4F7556}") = "Rafy.Domain.ORM.BatchSubmit", "Rafy\Plugins\Rafy.Domain.ORM.BatchSubmit\Rafy.Domain.ORM.BatchSubmit.csproj", "{F0533889-BE2C-4A21-90B0-26765833270E}"
EndProject
Project("{9A19103F-16F7-4668-BE54-9A1E7A4F7556}") = "Rafy.Domain.EntityPhantom", "Rafy\Plugins\Rafy.Domain.EntityPhantom\Rafy.Domain.EntityPhantom.csproj", "{0B6DF92B-0248-422D-A9C2-1604D4CB7BC9}"
EndProject
Project("{9A19103F-16F7-4668-BE54-9A1E7A4F7556}") = "Rafy.Domain.Stamp", "Rafy\Plugins\Rafy.Domain.Stamp\Rafy.Domain.Stamp.csproj", "{6A13F732-1658-4636-8113-338B398CF328}"
EndProject
Project("{9A19103F-16F7-4668-BE54-9A1E7A4F7556}") = "Rafy.Accounts", "Rafy\Plugins\Rafy.Accounts\Rafy.Accounts.csproj", "{4D6467E4-D1CE-4FA8-A1FE-92B1BA549A4A}"
EndProject
Project("{9A19103F-16F7-4668-BE54-9A1E7A4F7556}") = "Rafy.SerialNumber", "Rafy\Plugins\Rafy.SerialNumber\Rafy.SerialNumber.csproj", "{9FF37989-33E7-4D67-8E81-0A443EAEE510}"
EndProject
Project("{9A19103F-16F7-4668-BE54-9A1E7A4F7556}") = "Rafy.FileStorage", "Rafy\Plugins\Rafy.FileStorage\Rafy.FileStorage.csproj", "{143FEBB0-B41C-4E47-9325-F656CCED2FA6}"
EndProject
Project("{9A19103F-16F7-4668-BE54-9A1E7A4F7556}") = "Rafy.DataArchiver", "Rafy\Plugins\Rafy.DataTableMigration\Rafy.DataArchiver.csproj", "{95CB6F76-3D35-4F2E-BF2A-A45EC41C76B4}"
EndProject
Project("{9A19103F-16F7-4668-BE54-9A1E7A4F7556}") = "Rafy.SystemSettings", "Rafy\Plugins\Rafy.SystemSettings\Rafy.SystemSettings.csproj", "{1C9C3546-F650-40A3-AA7F-64E8A230A02B}"
EndProject
Project("{9A19103F-16F7-4668-BE54-9A1E7A4F7556}") = "Rafy.MultiTenancy", "Rafy\Plugins\Rafy.MultiTenancy\Rafy.MultiTenancy.csproj", "{620DD96C-5CB6-4DF2-9A98-386D3E56A9B7}"
EndProject
Project("{9A19103F-16F7-4668-BE54-9A1E7A4F7556}") = "Rafy.UnitTest.RuntimeLoad", "Test\Rafy.UnitTest.RuntimeLoad\Rafy.UnitTest.RuntimeLoad.csproj", "{653E7621-7A27-4DB0-9915-64EBA291A63F}"
EndProject
Global
	GlobalSection(SolutionConfigurationPlatforms) = preSolution
		D_UIA_Standard|Any CPU = D_UIA_Standard|Any CPU
		D_Web|Any CPU = D_Web|Any CPU
		Debug|Any CPU = Debug|Any CPU
		Release|Any CPU = Release|Any CPU
	EndGlobalSection
	GlobalSection(ProjectConfigurationPlatforms) = postSolution
		{84399E4E-CC81-4B1F-9953-586B25B29792}.D_UIA_Standard|Any CPU.ActiveCfg = Debug|Any CPU
		{84399E4E-CC81-4B1F-9953-586B25B29792}.D_Web|Any CPU.ActiveCfg = Debug|Any CPU
		{84399E4E-CC81-4B1F-9953-586B25B29792}.Debug|Any CPU.ActiveCfg = Debug|Any CPU
		{84399E4E-CC81-4B1F-9953-586B25B29792}.Debug|Any CPU.Build.0 = Debug|Any CPU
		{84399E4E-CC81-4B1F-9953-586B25B29792}.Release|Any CPU.ActiveCfg = Release|Any CPU
		{84399E4E-CC81-4B1F-9953-586B25B29792}.Release|Any CPU.Build.0 = Release|Any CPU
		{9AA27D8B-8F77-403B-99D0-51EB0CE01AC6}.D_UIA_Standard|Any CPU.ActiveCfg = Debug|Any CPU
		{9AA27D8B-8F77-403B-99D0-51EB0CE01AC6}.D_Web|Any CPU.ActiveCfg = Debug|Any CPU
		{9AA27D8B-8F77-403B-99D0-51EB0CE01AC6}.Debug|Any CPU.ActiveCfg = Debug|Any CPU
		{9AA27D8B-8F77-403B-99D0-51EB0CE01AC6}.Debug|Any CPU.Build.0 = Debug|Any CPU
		{9AA27D8B-8F77-403B-99D0-51EB0CE01AC6}.Release|Any CPU.ActiveCfg = Release|Any CPU
		{9AA27D8B-8F77-403B-99D0-51EB0CE01AC6}.Release|Any CPU.Build.0 = Release|Any CPU
		{966A5BF2-D690-426B-AD68-AD868BB8F855}.D_UIA_Standard|Any CPU.ActiveCfg = Debug|Any CPU
		{966A5BF2-D690-426B-AD68-AD868BB8F855}.D_Web|Any CPU.ActiveCfg = Debug|Any CPU
		{966A5BF2-D690-426B-AD68-AD868BB8F855}.D_Web|Any CPU.Build.0 = Debug|Any CPU
		{966A5BF2-D690-426B-AD68-AD868BB8F855}.Debug|Any CPU.ActiveCfg = Debug|Any CPU
		{966A5BF2-D690-426B-AD68-AD868BB8F855}.Debug|Any CPU.Build.0 = Debug|Any CPU
		{966A5BF2-D690-426B-AD68-AD868BB8F855}.Release|Any CPU.ActiveCfg = Release|Any CPU
		{966A5BF2-D690-426B-AD68-AD868BB8F855}.Release|Any CPU.Build.0 = Release|Any CPU
		{22A24653-E4A5-48E2-B9C7-A1B24DACECF3}.D_UIA_Standard|Any CPU.ActiveCfg = Debug|Any CPU
		{22A24653-E4A5-48E2-B9C7-A1B24DACECF3}.D_Web|Any CPU.ActiveCfg = Debug|Any CPU
		{22A24653-E4A5-48E2-B9C7-A1B24DACECF3}.D_Web|Any CPU.Build.0 = Debug|Any CPU
		{22A24653-E4A5-48E2-B9C7-A1B24DACECF3}.Debug|Any CPU.ActiveCfg = Debug|Any CPU
		{22A24653-E4A5-48E2-B9C7-A1B24DACECF3}.Debug|Any CPU.Build.0 = Debug|Any CPU
		{22A24653-E4A5-48E2-B9C7-A1B24DACECF3}.Release|Any CPU.ActiveCfg = Release|Any CPU
		{22A24653-E4A5-48E2-B9C7-A1B24DACECF3}.Release|Any CPU.Build.0 = Release|Any CPU
		{9D2CDAC7-CAED-4874-BCAF-3D160B26C48B}.D_UIA_Standard|Any CPU.ActiveCfg = _Debug_UIA_Standard|Any CPU
		{9D2CDAC7-CAED-4874-BCAF-3D160B26C48B}.D_UIA_Standard|Any CPU.Build.0 = _Debug_UIA_Standard|Any CPU
		{9D2CDAC7-CAED-4874-BCAF-3D160B26C48B}.D_Web|Any CPU.ActiveCfg = Debug|Any CPU
		{9D2CDAC7-CAED-4874-BCAF-3D160B26C48B}.Debug|Any CPU.ActiveCfg = _Debug_UIA_Standard|Any CPU
		{9D2CDAC7-CAED-4874-BCAF-3D160B26C48B}.Debug|Any CPU.Build.0 = _Debug_UIA_Standard|Any CPU
		{9D2CDAC7-CAED-4874-BCAF-3D160B26C48B}.Release|Any CPU.ActiveCfg = Release|Any CPU
		{9D2CDAC7-CAED-4874-BCAF-3D160B26C48B}.Release|Any CPU.Build.0 = Release|Any CPU
		{D226414C-37F6-4618-8B91-7E80E7D2C42E}.D_UIA_Standard|Any CPU.ActiveCfg = Debug|Any CPU
		{D226414C-37F6-4618-8B91-7E80E7D2C42E}.D_UIA_Standard|Any CPU.Build.0 = Debug|Any CPU
		{D226414C-37F6-4618-8B91-7E80E7D2C42E}.D_Web|Any CPU.ActiveCfg = Debug|Any CPU
		{D226414C-37F6-4618-8B91-7E80E7D2C42E}.Debug|Any CPU.ActiveCfg = Debug|Any CPU
		{D226414C-37F6-4618-8B91-7E80E7D2C42E}.Debug|Any CPU.Build.0 = Debug|Any CPU
		{D226414C-37F6-4618-8B91-7E80E7D2C42E}.Release|Any CPU.ActiveCfg = Release|Any CPU
		{D226414C-37F6-4618-8B91-7E80E7D2C42E}.Release|Any CPU.Build.0 = Release|Any CPU
		{9107E3A0-E18A-49B5-A214-DACCD5FE8723}.D_UIA_Standard|Any CPU.ActiveCfg = Debug|Any CPU
		{9107E3A0-E18A-49B5-A214-DACCD5FE8723}.D_UIA_Standard|Any CPU.Build.0 = Debug|Any CPU
		{9107E3A0-E18A-49B5-A214-DACCD5FE8723}.D_Web|Any CPU.ActiveCfg = Debug|Any CPU
		{9107E3A0-E18A-49B5-A214-DACCD5FE8723}.D_Web|Any CPU.Build.0 = Debug|Any CPU
		{9107E3A0-E18A-49B5-A214-DACCD5FE8723}.Debug|Any CPU.ActiveCfg = Debug|Any CPU
		{9107E3A0-E18A-49B5-A214-DACCD5FE8723}.Debug|Any CPU.Build.0 = Debug|Any CPU
		{9107E3A0-E18A-49B5-A214-DACCD5FE8723}.Release|Any CPU.ActiveCfg = Release|Any CPU
		{9107E3A0-E18A-49B5-A214-DACCD5FE8723}.Release|Any CPU.Build.0 = Release|Any CPU
		{FCECE939-5A33-44BA-B0FB-799D8EFCA7BF}.D_UIA_Standard|Any CPU.ActiveCfg = Debug|Any CPU
		{FCECE939-5A33-44BA-B0FB-799D8EFCA7BF}.D_UIA_Standard|Any CPU.Build.0 = Debug|Any CPU
		{FCECE939-5A33-44BA-B0FB-799D8EFCA7BF}.D_Web|Any CPU.ActiveCfg = Debug|Any CPU
		{FCECE939-5A33-44BA-B0FB-799D8EFCA7BF}.D_Web|Any CPU.Build.0 = Debug|Any CPU
		{FCECE939-5A33-44BA-B0FB-799D8EFCA7BF}.Debug|Any CPU.ActiveCfg = Debug|Any CPU
		{FCECE939-5A33-44BA-B0FB-799D8EFCA7BF}.Debug|Any CPU.Build.0 = Debug|Any CPU
		{FCECE939-5A33-44BA-B0FB-799D8EFCA7BF}.Release|Any CPU.ActiveCfg = Release|Any CPU
		{FCECE939-5A33-44BA-B0FB-799D8EFCA7BF}.Release|Any CPU.Build.0 = Release|Any CPU
		{DA42D343-0E0B-4FC4-A698-90C041A57444}.D_UIA_Standard|Any CPU.ActiveCfg = Debug|Any CPU
		{DA42D343-0E0B-4FC4-A698-90C041A57444}.D_UIA_Standard|Any CPU.Build.0 = Debug|Any CPU
		{DA42D343-0E0B-4FC4-A698-90C041A57444}.D_Web|Any CPU.ActiveCfg = Debug|Any CPU
		{DA42D343-0E0B-4FC4-A698-90C041A57444}.D_Web|Any CPU.Build.0 = Debug|Any CPU
		{DA42D343-0E0B-4FC4-A698-90C041A57444}.Debug|Any CPU.ActiveCfg = Debug|Any CPU
		{DA42D343-0E0B-4FC4-A698-90C041A57444}.Debug|Any CPU.Build.0 = Debug|Any CPU
		{DA42D343-0E0B-4FC4-A698-90C041A57444}.Release|Any CPU.ActiveCfg = Release|Any CPU
		{DA42D343-0E0B-4FC4-A698-90C041A57444}.Release|Any CPU.Build.0 = Release|Any CPU
		{C5C7E328-3C7C-4C93-AA83-338BCBB3DA50}.D_UIA_Standard|Any CPU.ActiveCfg = Debug|Any CPU
		{C5C7E328-3C7C-4C93-AA83-338BCBB3DA50}.D_UIA_Standard|Any CPU.Build.0 = Debug|Any CPU
		{C5C7E328-3C7C-4C93-AA83-338BCBB3DA50}.D_Web|Any CPU.ActiveCfg = Debug|Any CPU
		{C5C7E328-3C7C-4C93-AA83-338BCBB3DA50}.D_Web|Any CPU.Build.0 = Debug|Any CPU
		{C5C7E328-3C7C-4C93-AA83-338BCBB3DA50}.Debug|Any CPU.ActiveCfg = Debug|Any CPU
		{C5C7E328-3C7C-4C93-AA83-338BCBB3DA50}.Debug|Any CPU.Build.0 = Debug|Any CPU
		{C5C7E328-3C7C-4C93-AA83-338BCBB3DA50}.Release|Any CPU.ActiveCfg = Release|Any CPU
		{C5C7E328-3C7C-4C93-AA83-338BCBB3DA50}.Release|Any CPU.Build.0 = Release|Any CPU
		{B10AFEDA-3905-4A84-B8DF-B557B48040E3}.D_UIA_Standard|Any CPU.ActiveCfg = Debug|Any CPU
		{B10AFEDA-3905-4A84-B8DF-B557B48040E3}.D_UIA_Standard|Any CPU.Build.0 = Debug|Any CPU
		{B10AFEDA-3905-4A84-B8DF-B557B48040E3}.D_Web|Any CPU.ActiveCfg = Debug|Any CPU
		{B10AFEDA-3905-4A84-B8DF-B557B48040E3}.D_Web|Any CPU.Build.0 = Debug|Any CPU
		{B10AFEDA-3905-4A84-B8DF-B557B48040E3}.Debug|Any CPU.ActiveCfg = Debug|Any CPU
		{B10AFEDA-3905-4A84-B8DF-B557B48040E3}.Debug|Any CPU.Build.0 = Debug|Any CPU
		{B10AFEDA-3905-4A84-B8DF-B557B48040E3}.Release|Any CPU.ActiveCfg = Release|Any CPU
		{B10AFEDA-3905-4A84-B8DF-B557B48040E3}.Release|Any CPU.Build.0 = Release|Any CPU
		{27C8A770-42FE-4BB4-9C2A-63A2DF354958}.D_UIA_Standard|Any CPU.ActiveCfg = Debug|Any CPU
		{27C8A770-42FE-4BB4-9C2A-63A2DF354958}.D_UIA_Standard|Any CPU.Build.0 = Debug|Any CPU
		{27C8A770-42FE-4BB4-9C2A-63A2DF354958}.D_Web|Any CPU.ActiveCfg = Debug|Any CPU
		{27C8A770-42FE-4BB4-9C2A-63A2DF354958}.D_Web|Any CPU.Build.0 = Debug|Any CPU
		{27C8A770-42FE-4BB4-9C2A-63A2DF354958}.Debug|Any CPU.ActiveCfg = Debug|Any CPU
		{27C8A770-42FE-4BB4-9C2A-63A2DF354958}.Debug|Any CPU.Build.0 = Debug|Any CPU
		{27C8A770-42FE-4BB4-9C2A-63A2DF354958}.Release|Any CPU.ActiveCfg = Release|Any CPU
		{27C8A770-42FE-4BB4-9C2A-63A2DF354958}.Release|Any CPU.Build.0 = Release|Any CPU
		{50706521-F843-4C7D-9B27-5197B4088F3D}.D_UIA_Standard|Any CPU.ActiveCfg = Debug|Any CPU
		{50706521-F843-4C7D-9B27-5197B4088F3D}.D_UIA_Standard|Any CPU.Build.0 = Debug|Any CPU
		{50706521-F843-4C7D-9B27-5197B4088F3D}.D_Web|Any CPU.ActiveCfg = Debug|Any CPU
		{50706521-F843-4C7D-9B27-5197B4088F3D}.D_Web|Any CPU.Build.0 = Debug|Any CPU
		{50706521-F843-4C7D-9B27-5197B4088F3D}.Debug|Any CPU.ActiveCfg = Debug|Any CPU
		{50706521-F843-4C7D-9B27-5197B4088F3D}.Debug|Any CPU.Build.0 = Debug|Any CPU
		{50706521-F843-4C7D-9B27-5197B4088F3D}.Release|Any CPU.ActiveCfg = Release|Any CPU
		{50706521-F843-4C7D-9B27-5197B4088F3D}.Release|Any CPU.Build.0 = Release|Any CPU
		{F1E214F9-7C72-4C52-B262-A41CE23A3993}.D_UIA_Standard|Any CPU.ActiveCfg = Debug|Any CPU
		{F1E214F9-7C72-4C52-B262-A41CE23A3993}.D_UIA_Standard|Any CPU.Build.0 = Debug|Any CPU
		{F1E214F9-7C72-4C52-B262-A41CE23A3993}.D_Web|Any CPU.ActiveCfg = Debug|Any CPU
		{F1E214F9-7C72-4C52-B262-A41CE23A3993}.D_Web|Any CPU.Build.0 = Debug|Any CPU
		{F1E214F9-7C72-4C52-B262-A41CE23A3993}.Debug|Any CPU.ActiveCfg = Debug|Any CPU
		{F1E214F9-7C72-4C52-B262-A41CE23A3993}.Debug|Any CPU.Build.0 = Debug|Any CPU
		{F1E214F9-7C72-4C52-B262-A41CE23A3993}.Release|Any CPU.ActiveCfg = Release|Any CPU
		{F1E214F9-7C72-4C52-B262-A41CE23A3993}.Release|Any CPU.Build.0 = Release|Any CPU
		{03E2413D-EC73-44F1-A0D3-366C3892700A}.D_UIA_Standard|Any CPU.ActiveCfg = Debug|Any CPU
		{03E2413D-EC73-44F1-A0D3-366C3892700A}.D_UIA_Standard|Any CPU.Build.0 = Debug|Any CPU
		{03E2413D-EC73-44F1-A0D3-366C3892700A}.D_Web|Any CPU.ActiveCfg = Debug|Any CPU
		{03E2413D-EC73-44F1-A0D3-366C3892700A}.D_Web|Any CPU.Build.0 = Debug|Any CPU
		{03E2413D-EC73-44F1-A0D3-366C3892700A}.Debug|Any CPU.ActiveCfg = Debug|Any CPU
		{03E2413D-EC73-44F1-A0D3-366C3892700A}.Debug|Any CPU.Build.0 = Debug|Any CPU
		{03E2413D-EC73-44F1-A0D3-366C3892700A}.Release|Any CPU.ActiveCfg = Release|Any CPU
		{03E2413D-EC73-44F1-A0D3-366C3892700A}.Release|Any CPU.Build.0 = Release|Any CPU
		{C13C7DFE-3BDF-456E-8B7B-01AD483D7396}.D_UIA_Standard|Any CPU.ActiveCfg = Debug|Any CPU
		{C13C7DFE-3BDF-456E-8B7B-01AD483D7396}.D_UIA_Standard|Any CPU.Build.0 = Debug|Any CPU
		{C13C7DFE-3BDF-456E-8B7B-01AD483D7396}.D_Web|Any CPU.ActiveCfg = Debug|Any CPU
		{C13C7DFE-3BDF-456E-8B7B-01AD483D7396}.D_Web|Any CPU.Build.0 = Debug|Any CPU
		{C13C7DFE-3BDF-456E-8B7B-01AD483D7396}.Debug|Any CPU.ActiveCfg = Debug|Any CPU
		{C13C7DFE-3BDF-456E-8B7B-01AD483D7396}.Debug|Any CPU.Build.0 = Debug|Any CPU
		{C13C7DFE-3BDF-456E-8B7B-01AD483D7396}.Release|Any CPU.ActiveCfg = Release|Any CPU
		{C13C7DFE-3BDF-456E-8B7B-01AD483D7396}.Release|Any CPU.Build.0 = Release|Any CPU
		{DF5E92A5-B32F-41AE-B880-14069D4FE7F4}.D_UIA_Standard|Any CPU.ActiveCfg = Debug|Any CPU
		{DF5E92A5-B32F-41AE-B880-14069D4FE7F4}.D_UIA_Standard|Any CPU.Build.0 = Debug|Any CPU
		{DF5E92A5-B32F-41AE-B880-14069D4FE7F4}.D_Web|Any CPU.ActiveCfg = Debug|Any CPU
		{DF5E92A5-B32F-41AE-B880-14069D4FE7F4}.D_Web|Any CPU.Build.0 = Debug|Any CPU
		{DF5E92A5-B32F-41AE-B880-14069D4FE7F4}.Debug|Any CPU.ActiveCfg = Debug|Any CPU
		{DF5E92A5-B32F-41AE-B880-14069D4FE7F4}.Debug|Any CPU.Build.0 = Debug|Any CPU
		{DF5E92A5-B32F-41AE-B880-14069D4FE7F4}.Release|Any CPU.ActiveCfg = Release|Any CPU
		{DF5E92A5-B32F-41AE-B880-14069D4FE7F4}.Release|Any CPU.Build.0 = Release|Any CPU
		{7A57E885-049B-4145-A446-44245A8DF483}.D_UIA_Standard|Any CPU.ActiveCfg = Debug|Any CPU
		{7A57E885-049B-4145-A446-44245A8DF483}.D_UIA_Standard|Any CPU.Build.0 = Debug|Any CPU
		{7A57E885-049B-4145-A446-44245A8DF483}.D_Web|Any CPU.ActiveCfg = Debug|Any CPU
		{7A57E885-049B-4145-A446-44245A8DF483}.D_Web|Any CPU.Build.0 = Debug|Any CPU
		{7A57E885-049B-4145-A446-44245A8DF483}.Debug|Any CPU.ActiveCfg = Debug|Any CPU
		{7A57E885-049B-4145-A446-44245A8DF483}.Debug|Any CPU.Build.0 = Debug|Any CPU
		{7A57E885-049B-4145-A446-44245A8DF483}.Release|Any CPU.ActiveCfg = Release|Any CPU
		{7A57E885-049B-4145-A446-44245A8DF483}.Release|Any CPU.Build.0 = Release|Any CPU
		{BE8C3CD6-F314-453D-A0ED-FCFEC0DEADBC}.D_UIA_Standard|Any CPU.ActiveCfg = Debug|Any CPU
		{BE8C3CD6-F314-453D-A0ED-FCFEC0DEADBC}.D_UIA_Standard|Any CPU.Build.0 = Debug|Any CPU
		{BE8C3CD6-F314-453D-A0ED-FCFEC0DEADBC}.D_Web|Any CPU.ActiveCfg = Debug|Any CPU
		{BE8C3CD6-F314-453D-A0ED-FCFEC0DEADBC}.D_Web|Any CPU.Build.0 = Debug|Any CPU
		{BE8C3CD6-F314-453D-A0ED-FCFEC0DEADBC}.Debug|Any CPU.ActiveCfg = Debug|Any CPU
		{BE8C3CD6-F314-453D-A0ED-FCFEC0DEADBC}.Debug|Any CPU.Build.0 = Debug|Any CPU
		{BE8C3CD6-F314-453D-A0ED-FCFEC0DEADBC}.Release|Any CPU.ActiveCfg = Release|Any CPU
		{BE8C3CD6-F314-453D-A0ED-FCFEC0DEADBC}.Release|Any CPU.Build.0 = Release|Any CPU
		{F0533889-BE2C-4A21-90B0-26765833270E}.D_UIA_Standard|Any CPU.ActiveCfg = Debug|Any CPU
		{F0533889-BE2C-4A21-90B0-26765833270E}.D_UIA_Standard|Any CPU.Build.0 = Debug|Any CPU
		{F0533889-BE2C-4A21-90B0-26765833270E}.D_Web|Any CPU.ActiveCfg = Debug|Any CPU
		{F0533889-BE2C-4A21-90B0-26765833270E}.D_Web|Any CPU.Build.0 = Debug|Any CPU
		{F0533889-BE2C-4A21-90B0-26765833270E}.Debug|Any CPU.ActiveCfg = Debug|Any CPU
		{F0533889-BE2C-4A21-90B0-26765833270E}.Debug|Any CPU.Build.0 = Debug|Any CPU
		{F0533889-BE2C-4A21-90B0-26765833270E}.Release|Any CPU.ActiveCfg = Release|Any CPU
		{F0533889-BE2C-4A21-90B0-26765833270E}.Release|Any CPU.Build.0 = Release|Any CPU
		{0B6DF92B-0248-422D-A9C2-1604D4CB7BC9}.D_UIA_Standard|Any CPU.ActiveCfg = Debug|Any CPU
		{0B6DF92B-0248-422D-A9C2-1604D4CB7BC9}.D_UIA_Standard|Any CPU.Build.0 = Debug|Any CPU
		{0B6DF92B-0248-422D-A9C2-1604D4CB7BC9}.D_Web|Any CPU.ActiveCfg = Debug|Any CPU
		{0B6DF92B-0248-422D-A9C2-1604D4CB7BC9}.D_Web|Any CPU.Build.0 = Debug|Any CPU
		{0B6DF92B-0248-422D-A9C2-1604D4CB7BC9}.Debug|Any CPU.ActiveCfg = Debug|Any CPU
		{0B6DF92B-0248-422D-A9C2-1604D4CB7BC9}.Debug|Any CPU.Build.0 = Debug|Any CPU
		{0B6DF92B-0248-422D-A9C2-1604D4CB7BC9}.Release|Any CPU.ActiveCfg = Release|Any CPU
		{0B6DF92B-0248-422D-A9C2-1604D4CB7BC9}.Release|Any CPU.Build.0 = Release|Any CPU
		{6A13F732-1658-4636-8113-338B398CF328}.D_UIA_Standard|Any CPU.ActiveCfg = Debug|Any CPU
		{6A13F732-1658-4636-8113-338B398CF328}.D_UIA_Standard|Any CPU.Build.0 = Debug|Any CPU
		{6A13F732-1658-4636-8113-338B398CF328}.D_Web|Any CPU.ActiveCfg = Debug|Any CPU
		{6A13F732-1658-4636-8113-338B398CF328}.D_Web|Any CPU.Build.0 = Debug|Any CPU
		{6A13F732-1658-4636-8113-338B398CF328}.Debug|Any CPU.ActiveCfg = Debug|Any CPU
		{6A13F732-1658-4636-8113-338B398CF328}.Debug|Any CPU.Build.0 = Debug|Any CPU
		{6A13F732-1658-4636-8113-338B398CF328}.Release|Any CPU.ActiveCfg = Release|Any CPU
		{6A13F732-1658-4636-8113-338B398CF328}.Release|Any CPU.Build.0 = Release|Any CPU
		{4D6467E4-D1CE-4FA8-A1FE-92B1BA549A4A}.D_UIA_Standard|Any CPU.ActiveCfg = Debug|Any CPU
		{4D6467E4-D1CE-4FA8-A1FE-92B1BA549A4A}.D_UIA_Standard|Any CPU.Build.0 = Debug|Any CPU
		{4D6467E4-D1CE-4FA8-A1FE-92B1BA549A4A}.D_Web|Any CPU.ActiveCfg = Debug|Any CPU
		{4D6467E4-D1CE-4FA8-A1FE-92B1BA549A4A}.D_Web|Any CPU.Build.0 = Debug|Any CPU
		{4D6467E4-D1CE-4FA8-A1FE-92B1BA549A4A}.Debug|Any CPU.ActiveCfg = Debug|Any CPU
		{4D6467E4-D1CE-4FA8-A1FE-92B1BA549A4A}.Debug|Any CPU.Build.0 = Debug|Any CPU
		{4D6467E4-D1CE-4FA8-A1FE-92B1BA549A4A}.Release|Any CPU.ActiveCfg = Release|Any CPU
		{4D6467E4-D1CE-4FA8-A1FE-92B1BA549A4A}.Release|Any CPU.Build.0 = Release|Any CPU
		{9FF37989-33E7-4D67-8E81-0A443EAEE510}.D_UIA_Standard|Any CPU.ActiveCfg = Debug|Any CPU
		{9FF37989-33E7-4D67-8E81-0A443EAEE510}.D_UIA_Standard|Any CPU.Build.0 = Debug|Any CPU
		{9FF37989-33E7-4D67-8E81-0A443EAEE510}.D_Web|Any CPU.ActiveCfg = Debug|Any CPU
		{9FF37989-33E7-4D67-8E81-0A443EAEE510}.D_Web|Any CPU.Build.0 = Debug|Any CPU
		{9FF37989-33E7-4D67-8E81-0A443EAEE510}.Debug|Any CPU.ActiveCfg = Debug|Any CPU
		{9FF37989-33E7-4D67-8E81-0A443EAEE510}.Debug|Any CPU.Build.0 = Debug|Any CPU
		{9FF37989-33E7-4D67-8E81-0A443EAEE510}.Release|Any CPU.ActiveCfg = Release|Any CPU
		{9FF37989-33E7-4D67-8E81-0A443EAEE510}.Release|Any CPU.Build.0 = Release|Any CPU
		{143FEBB0-B41C-4E47-9325-F656CCED2FA6}.D_UIA_Standard|Any CPU.ActiveCfg = Debug|Any CPU
		{143FEBB0-B41C-4E47-9325-F656CCED2FA6}.D_UIA_Standard|Any CPU.Build.0 = Debug|Any CPU
		{143FEBB0-B41C-4E47-9325-F656CCED2FA6}.D_Web|Any CPU.ActiveCfg = Debug|Any CPU
		{143FEBB0-B41C-4E47-9325-F656CCED2FA6}.D_Web|Any CPU.Build.0 = Debug|Any CPU
		{143FEBB0-B41C-4E47-9325-F656CCED2FA6}.Debug|Any CPU.ActiveCfg = Debug|Any CPU
		{143FEBB0-B41C-4E47-9325-F656CCED2FA6}.Debug|Any CPU.Build.0 = Debug|Any CPU
		{143FEBB0-B41C-4E47-9325-F656CCED2FA6}.Release|Any CPU.ActiveCfg = Release|Any CPU
		{143FEBB0-B41C-4E47-9325-F656CCED2FA6}.Release|Any CPU.Build.0 = Release|Any CPU
		{95CB6F76-3D35-4F2E-BF2A-A45EC41C76B4}.D_UIA_Standard|Any CPU.ActiveCfg = Debug|Any CPU
		{95CB6F76-3D35-4F2E-BF2A-A45EC41C76B4}.D_UIA_Standard|Any CPU.Build.0 = Debug|Any CPU
		{95CB6F76-3D35-4F2E-BF2A-A45EC41C76B4}.D_Web|Any CPU.ActiveCfg = Debug|Any CPU
		{95CB6F76-3D35-4F2E-BF2A-A45EC41C76B4}.D_Web|Any CPU.Build.0 = Debug|Any CPU
		{95CB6F76-3D35-4F2E-BF2A-A45EC41C76B4}.Debug|Any CPU.ActiveCfg = Debug|Any CPU
		{95CB6F76-3D35-4F2E-BF2A-A45EC41C76B4}.Debug|Any CPU.Build.0 = Debug|Any CPU
		{95CB6F76-3D35-4F2E-BF2A-A45EC41C76B4}.Release|Any CPU.ActiveCfg = Release|Any CPU
		{95CB6F76-3D35-4F2E-BF2A-A45EC41C76B4}.Release|Any CPU.Build.0 = Release|Any CPU
		{1C9C3546-F650-40A3-AA7F-64E8A230A02B}.D_UIA_Standard|Any CPU.ActiveCfg = Debug|Any CPU
		{1C9C3546-F650-40A3-AA7F-64E8A230A02B}.D_UIA_Standard|Any CPU.Build.0 = Debug|Any CPU
		{1C9C3546-F650-40A3-AA7F-64E8A230A02B}.D_Web|Any CPU.ActiveCfg = Debug|Any CPU
		{1C9C3546-F650-40A3-AA7F-64E8A230A02B}.D_Web|Any CPU.Build.0 = Debug|Any CPU
		{1C9C3546-F650-40A3-AA7F-64E8A230A02B}.Debug|Any CPU.ActiveCfg = Debug|Any CPU
		{1C9C3546-F650-40A3-AA7F-64E8A230A02B}.Debug|Any CPU.Build.0 = Debug|Any CPU
		{1C9C3546-F650-40A3-AA7F-64E8A230A02B}.Release|Any CPU.ActiveCfg = Release|Any CPU
		{1C9C3546-F650-40A3-AA7F-64E8A230A02B}.Release|Any CPU.Build.0 = Release|Any CPU
		{620DD96C-5CB6-4DF2-9A98-386D3E56A9B7}.D_UIA_Standard|Any CPU.ActiveCfg = Debug|Any CPU
		{620DD96C-5CB6-4DF2-9A98-386D3E56A9B7}.D_UIA_Standard|Any CPU.Build.0 = Debug|Any CPU
		{620DD96C-5CB6-4DF2-9A98-386D3E56A9B7}.D_Web|Any CPU.ActiveCfg = Debug|Any CPU
		{620DD96C-5CB6-4DF2-9A98-386D3E56A9B7}.D_Web|Any CPU.Build.0 = Debug|Any CPU
		{620DD96C-5CB6-4DF2-9A98-386D3E56A9B7}.Debug|Any CPU.ActiveCfg = Debug|Any CPU
		{620DD96C-5CB6-4DF2-9A98-386D3E56A9B7}.Debug|Any CPU.Build.0 = Debug|Any CPU
		{620DD96C-5CB6-4DF2-9A98-386D3E56A9B7}.Release|Any CPU.ActiveCfg = Release|Any CPU
		{620DD96C-5CB6-4DF2-9A98-386D3E56A9B7}.Release|Any CPU.Build.0 = Release|Any CPU
		{653E7621-7A27-4DB0-9915-64EBA291A63F}.D_UIA_Standard|Any CPU.ActiveCfg = Debug|Any CPU
		{653E7621-7A27-4DB0-9915-64EBA291A63F}.D_UIA_Standard|Any CPU.Build.0 = Debug|Any CPU
		{653E7621-7A27-4DB0-9915-64EBA291A63F}.D_Web|Any CPU.ActiveCfg = Debug|Any CPU
		{653E7621-7A27-4DB0-9915-64EBA291A63F}.D_Web|Any CPU.Build.0 = Debug|Any CPU
		{653E7621-7A27-4DB0-9915-64EBA291A63F}.Debug|Any CPU.ActiveCfg = Debug|Any CPU
		{653E7621-7A27-4DB0-9915-64EBA291A63F}.Debug|Any CPU.Build.0 = Debug|Any CPU
		{653E7621-7A27-4DB0-9915-64EBA291A63F}.Release|Any CPU.ActiveCfg = Release|Any CPU
		{653E7621-7A27-4DB0-9915-64EBA291A63F}.Release|Any CPU.Build.0 = Release|Any CPU
	EndGlobalSection
	GlobalSection(SolutionProperties) = preSolution
		HideSolutionNode = FALSE
	EndGlobalSection
	GlobalSection(NestedProjects) = preSolution
		{88EAF8AF-E139-4254-9BDF-5DB3F48C12B2} = {96BE2240-F243-41C6-B050-CDD83504633B}
		{E89C0D0B-94BF-422A-9575-284839572211} = {96BE2240-F243-41C6-B050-CDD83504633B}
		{A9CBF9E8-4250-4282-8C3C-658DFD9B4084} = {96BE2240-F243-41C6-B050-CDD83504633B}
		{8EA20BE2-38C2-4A7E-B9BF-84CAFEA632B3} = {09769B96-A913-4654-9B5B-C4FB46CCDC4C}
		{1E609049-148F-4954-97CE-810A78A9036D} = {EE01A744-1379-4CDE-93EE-90AD8A9B91AC}
		{84399E4E-CC81-4B1F-9953-586B25B29792} = {E89C0D0B-94BF-422A-9575-284839572211}
		{9AA27D8B-8F77-403B-99D0-51EB0CE01AC6} = {EE01A744-1379-4CDE-93EE-90AD8A9B91AC}
		{22A24653-E4A5-48E2-B9C7-A1B24DACECF3} = {88EAF8AF-E139-4254-9BDF-5DB3F48C12B2}
		{9D2CDAC7-CAED-4874-BCAF-3D160B26C48B} = {A9CBF9E8-4250-4282-8C3C-658DFD9B4084}
		{D226414C-37F6-4618-8B91-7E80E7D2C42E} = {1E609049-148F-4954-97CE-810A78A9036D}
		{9107E3A0-E18A-49B5-A214-DACCD5FE8723} = {E89C0D0B-94BF-422A-9575-284839572211}
		{FCECE939-5A33-44BA-B0FB-799D8EFCA7BF} = {8EA20BE2-38C2-4A7E-B9BF-84CAFEA632B3}
		{DA42D343-0E0B-4FC4-A698-90C041A57444} = {8EA20BE2-38C2-4A7E-B9BF-84CAFEA632B3}
		{C5C7E328-3C7C-4C93-AA83-338BCBB3DA50} = {8EA20BE2-38C2-4A7E-B9BF-84CAFEA632B3}
		{B10AFEDA-3905-4A84-B8DF-B557B48040E3} = {09769B96-A913-4654-9B5B-C4FB46CCDC4C}
		{27C8A770-42FE-4BB4-9C2A-63A2DF354958} = {8EA20BE2-38C2-4A7E-B9BF-84CAFEA632B3}
		{50706521-F843-4C7D-9B27-5197B4088F3D} = {09769B96-A913-4654-9B5B-C4FB46CCDC4C}
		{F1E214F9-7C72-4C52-B262-A41CE23A3993} = {1E609049-148F-4954-97CE-810A78A9036D}
		{03E2413D-EC73-44F1-A0D3-366C3892700A} = {1E609049-148F-4954-97CE-810A78A9036D}
		{C13C7DFE-3BDF-456E-8B7B-01AD483D7396} = {1E609049-148F-4954-97CE-810A78A9036D}
		{DF5E92A5-B32F-41AE-B880-14069D4FE7F4} = {1E609049-148F-4954-97CE-810A78A9036D}
		{7A57E885-049B-4145-A446-44245A8DF483} = {EE01A744-1379-4CDE-93EE-90AD8A9B91AC}
		{BE8C3CD6-F314-453D-A0ED-FCFEC0DEADBC} = {DC52A572-512A-4D70-81C0-F0EF8B6FFC85}
		{F0533889-BE2C-4A21-90B0-26765833270E} = {DC52A572-512A-4D70-81C0-F0EF8B6FFC85}
		{0B6DF92B-0248-422D-A9C2-1604D4CB7BC9} = {DC52A572-512A-4D70-81C0-F0EF8B6FFC85}
		{6A13F732-1658-4636-8113-338B398CF328} = {DC52A572-512A-4D70-81C0-F0EF8B6FFC85}
		{4D6467E4-D1CE-4FA8-A1FE-92B1BA549A4A} = {DC52A572-512A-4D70-81C0-F0EF8B6FFC85}
		{9FF37989-33E7-4D67-8E81-0A443EAEE510} = {DC52A572-512A-4D70-81C0-F0EF8B6FFC85}
		{143FEBB0-B41C-4E47-9325-F656CCED2FA6} = {DC52A572-512A-4D70-81C0-F0EF8B6FFC85}
		{95CB6F76-3D35-4F2E-BF2A-A45EC41C76B4} = {DC52A572-512A-4D70-81C0-F0EF8B6FFC85}
		{1C9C3546-F650-40A3-AA7F-64E8A230A02B} = {DC52A572-512A-4D70-81C0-F0EF8B6FFC85}
		{620DD96C-5CB6-4DF2-9A98-386D3E56A9B7} = {DC52A572-512A-4D70-81C0-F0EF8B6FFC85}
		{653E7621-7A27-4DB0-9915-64EBA291A63F} = {1E609049-148F-4954-97CE-810A78A9036D}
	EndGlobalSection
	GlobalSection(ExtensibilityGlobals) = postSolution
		SolutionGuid = {3EE6CCD8-2729-4C3F-9779-1761004827A5}
	EndGlobalSection
	GlobalSection(TestCaseManagementSettings) = postSolution
		CategoryFile = GIX4_ExpressApp.vsmdi
	EndGlobalSection
EndGlobal
