
Microsoft Visual Studio Solution File, Format Version 12.00
# Visual Studio 15
VisualStudioVersion = 15.0.26730.3
MinimumVisualStudioVersion = 10.0.40219.1
Project("{2150E333-8FDC-42A3-9474-1A3956D46DE8}") = "UI", "UI", "{96BE2240-F243-41C6-B050-CDD83504633B}"
	ProjectSection(SolutionItems) = preProject
		Rafy\_Items\UI 框架说明（必看）.txt = Rafy\_Items\UI 框架说明（必看）.txt
	EndProjectSection
EndProject
Project("{2150E333-8FDC-42A3-9474-1A3956D46DE8}") = "Web", "Web", "{88EAF8AF-E139-4254-9BDF-5DB3F48C12B2}"
EndProject
Project("{2150E333-8FDC-42A3-9474-1A3956D46DE8}") = "WPF", "WPF", "{E89C0D0B-94BF-422A-9575-284839572211}"
EndProject
Project("{2150E333-8FDC-42A3-9474-1A3956D46DE8}") = "UIA", "UIA", "{A9CBF9E8-4250-4282-8C3C-658DFD9B4084}"
EndProject
Project("{2150E333-8FDC-42A3-9474-1A3956D46DE8}") = "Plugins", "Plugins", "{DC52A572-512A-4D70-81C0-F0EF8B6FFC85}"
EndProject
Project("{2150E333-8FDC-42A3-9474-1A3956D46DE8}") = "Applications", "Applications", "{B10C4945-E560-4C2D-80D1-F849899302E4}"
EndProject
Project("{2150E333-8FDC-42A3-9474-1A3956D46DE8}") = "Tools", "Tools", "{409E3E18-DF54-4269-B76E-81EFA18037A0}"
EndProject
Project("{2150E333-8FDC-42A3-9474-1A3956D46DE8}") = "_Items", "_Items", "{0BC3A639-82DB-489E-880C-A8A504C1DAAC}"
	ProjectSection(SolutionItems) = preProject
		Rafy\_Items\Hxy Key.snk = Rafy\_Items\Hxy Key.snk
		Rafy\_Items\Rafy Net Standard Version Log.txt = Rafy\_Items\Rafy Net Standard Version Log.txt
		Rafy\_Items\Rafy Version Log.txt = Rafy\_Items\Rafy Version Log.txt
		Rafy\_Items\RafySDK Version Log.txt = Rafy\_Items\RafySDK Version Log.txt
	EndProjectSection
EndProject
Project("{2150E333-8FDC-42A3-9474-1A3956D46DE8}") = "Modeling", "Modeling", "{8EA20BE2-38C2-4A7E-B9BF-84CAFEA632B3}"
EndProject
Project("{2150E333-8FDC-42A3-9474-1A3956D46DE8}") = "JXC", "JXC", "{002B7A81-10D5-4B50-9878-0FCBD8E66CC5}"
EndProject
Project("{2150E333-8FDC-42A3-9474-1A3956D46DE8}") = "Rafy.Customization", "Rafy.Customization", "{621953C1-D6E5-4E67-9755-484FBA498F39}"
EndProject
Project("{2150E333-8FDC-42A3-9474-1A3956D46DE8}") = "Rafy.RBAC.Old", "Rafy.RBAC.Old", "{AB601A10-BB0E-4176-B074-DB7194EFD3C7}"
EndProject
Project("{2150E333-8FDC-42A3-9474-1A3956D46DE8}") = "Rafy.MultiLanguages", "Rafy.MultiLanguages", "{62D3A1DE-2A85-4ACD-B353-42C6A1D056E6}"
EndProject
Project("{2150E333-8FDC-42A3-9474-1A3956D46DE8}") = "Plugins", "Plugins", "{1E609049-148F-4954-97CE-810A78A9036D}"
EndProject
Project("{2150E333-8FDC-42A3-9474-1A3956D46DE8}") = "Test", "Test", "{EE01A744-1379-4CDE-93EE-90AD8A9B91AC}"
EndProject
Project("{2150E333-8FDC-42A3-9474-1A3956D46DE8}") = "Demo", "Demo", "{D0BC7AF8-A7A7-449D-8010-A2128C5C579F}"
EndProject
Project("{2150E333-8FDC-42A3-9474-1A3956D46DE8}") = "SDK", "SDK", "{09769B96-A913-4654-9B5B-C4FB46CCDC4C}"
EndProject
Project("{2150E333-8FDC-42A3-9474-1A3956D46DE8}") = "Host", "Host", "{82B13357-E5D5-475A-8103-27BD1E20D90F}"
EndProject
Project("{2150E333-8FDC-42A3-9474-1A3956D46DE8}") = "Other", "Other", "{69E705F1-D47A-4E70-A08C-B4301DD8F6F2}"
EndProject
Project("{2150E333-8FDC-42A3-9474-1A3956D46DE8}") = "Old", "Old", "{EEC610ED-8A05-47BA-AF25-78CD4EAA2BAF}"
EndProject
Project("{2150E333-8FDC-42A3-9474-1A3956D46DE8}") = "Rafy.LicenseManager", "Rafy.LicenseManager", "{1D2022E1-44A9-4786-8B2E-927CD18CBB67}"
EndProject
Project("{2150E333-8FDC-42A3-9474-1A3956D46DE8}") = "Rafy.RBAC", "Rafy.RBAC", "{7D317F92-6904-459E-A03C-EC4B44BB73B0}"
EndProject
Project("{FAE04EC0-301F-11D3-BF4B-00C04F79EFBC}") = "Rafy.WPF", "Rafy\WPF\Rafy.WPF\Rafy.WPF.csproj", "{84399E4E-CC81-4B1F-9953-586B25B29792}"
EndProject
Project("{FAE04EC0-301F-11D3-BF4B-00C04F79EFBC}") = "RafyUnitTest", "Test\RafyUnitTest\RafyUnitTest.csproj", "{9AA27D8B-8F77-403B-99D0-51EB0CE01AC6}"
EndProject
Project("{9A19103F-16F7-4668-BE54-9A1E7A4F7556}") = "Rafy", "Rafy\Rafy\Rafy.csproj", "{966A5BF2-D690-426B-AD68-AD868BB8F855}"
EndProject
Project("{FAE04EC0-301F-11D3-BF4B-00C04F79EFBC}") = "Rafy.Web", "Rafy\Web\Rafy.Web\Rafy.Web.csproj", "{22A24653-E4A5-48E2-B9C7-A1B24DACECF3}"
EndProject
Project("{FAE04EC0-301F-11D3-BF4B-00C04F79EFBC}") = "Rafy.UIA", "Rafy\UIA\Rafy.UIA\Rafy.UIA.csproj", "{9D2CDAC7-CAED-4874-BCAF-3D160B26C48B}"
EndProject
Project("{FAE04EC0-301F-11D3-BF4B-00C04F79EFBC}") = "Web", "Web\Web.csproj", "{FF2C86C5-115B-4639-B0AC-7A4851509DCC}"
EndProject
Project("{FAE04EC0-301F-11D3-BF4B-00C04F79EFBC}") = "Demo", "Demo\Demo\Demo.csproj", "{BBC530FC-0B10-4DA9-9360-FFF250415EB5}"
EndProject
Project("{FAE04EC0-301F-11D3-BF4B-00C04F79EFBC}") = "Rafy.RBAC.Old", "Rafy\Plugins\Rafy.RBAC.Old\Rafy.RBAC\Rafy.RBAC.Old.csproj", "{03D5A267-C106-42A9-8959-93D7AE3648DD}"
EndProject
Project("{FAE04EC0-301F-11D3-BF4B-00C04F79EFBC}") = "Rafy.UnitTest", "Test\Rafy.UnitTest\Rafy.UnitTest.csproj", "{D226414C-37F6-4618-8B91-7E80E7D2C42E}"
EndProject
Project("{FAE04EC0-301F-11D3-BF4B-00C04F79EFBC}") = "Rafy.DiskCaching", "Rafy\Plugins\Rafy.DiskCaching\Rafy.DiskCaching.csproj", "{A2F2F4E8-A6EC-4856-A1DA-BD4EB783041D}"
EndProject
Project("{FAE04EC0-301F-11D3-BF4B-00C04F79EFBC}") = "WPFClient", "WPFClient\WPFClient.csproj", "{257BF7C4-07DE-4E76-B2E2-443E2200B1E0}"
EndProject
Project("{FAE04EC0-301F-11D3-BF4B-00C04F79EFBC}") = "Rafy.RBAC.Old.WPF", "Rafy\Plugins\Rafy.RBAC.Old\Rafy.RBAC.WPF\Rafy.RBAC.Old.WPF.csproj", "{547364FE-CCBF-4F72-9B72-F7BB272B0988}"
EndProject
Project("{FAE04EC0-301F-11D3-BF4B-00C04F79EFBC}") = "JXC", "Demo\JXC\JXC.csproj", "{70AB9A4D-27E0-4F3C-9A7D-1A33F0FA4E73}"
EndProject
Project("{FAE04EC0-301F-11D3-BF4B-00C04F79EFBC}") = "Demo.Customer1", "Demo\Demo.Customer1\Demo.Customer1.csproj", "{D203FEBF-05A8-4711-8AD2-A27592A04C57}"
EndProject
Project("{FAE04EC0-301F-11D3-BF4B-00C04F79EFBC}") = "Rafy.DevTools.WPF", "Rafy\Plugins\Rafy.DocBuilder\Rafy.DevTools.WPF.csproj", "{981E2082-072B-4A9E-9646-26C971F06D03}"
EndProject
Project("{FAE04EC0-301F-11D3-BF4B-00C04F79EFBC}") = "ConsoleHost", "ConsoleHost\ConsoleHost.csproj", "{367AD72F-6AD4-4D3E-9EE9-05B0AE71643C}"
EndProject
Project("{FAE04EC0-301F-11D3-BF4B-00C04F79EFBC}") = "Rafy.WPF.Controls", "Rafy\WPF\Rafy.WPF.Controls\Rafy.WPF.Controls.csproj", "{9107E3A0-E18A-49B5-A214-DACCD5FE8723}"
EndProject
Project("{FAE04EC0-301F-11D3-BF4B-00C04F79EFBC}") = "Rafy.MultiLanguages", "Rafy\Plugins\Rafy.Translator\Rafy.MultiLanguages.csproj", "{2510CABD-152A-402E-87F9-5B50173861C7}"
EndProject
Project("{FAE04EC0-301F-11D3-BF4B-00C04F79EFBC}") = "Rafy.EntityObjectModel", "Rafy\Tools\Rafy.EntityObjectModel\Rafy.EntityObjectModel.csproj", "{FCECE939-5A33-44BA-B0FB-799D8EFCA7BF}"
EndProject
Project("{FAE04EC0-301F-11D3-BF4B-00C04F79EFBC}") = "Rafy.DomainModeling", "Rafy\Tools\Modeling\Rafy.DomainModeling\Rafy.DomainModeling.csproj", "{DA42D343-0E0B-4FC4-A698-90C041A57444}"
EndProject
Project("{FAE04EC0-301F-11D3-BF4B-00C04F79EFBC}") = "ModelingEnv", "Rafy\Tools\Modeling\ModelingEnv\ModelingEnv.csproj", "{C5C7E328-3C7C-4C93-AA83-338BCBB3DA50}"
EndProject
Project("{FAE04EC0-301F-11D3-BF4B-00C04F79EFBC}") = "Rafy.Customization", "Rafy\Plugins\Rafy.Customization\Rafy.Customization.csproj", "{13713B6B-E00D-4B7E-A3C2-67988699EA85}"
EndProject
Project("{FAE04EC0-301F-11D3-BF4B-00C04F79EFBC}") = "RafySDK", "Rafy\Tools\VSPackage\RafySDK.csproj", "{B10AFEDA-3905-4A84-B8DF-B557B48040E3}"
EndProject
Project("{FAE04EC0-301F-11D3-BF4B-00C04F79EFBC}") = "DesignerEngine", "Rafy\Tools\Modeling\DesignerEngine\DesignerEngine.csproj", "{27C8A770-42FE-4BB4-9C2A-63A2DF354958}"
EndProject
Project("{FAE04EC0-301F-11D3-BF4B-00C04F79EFBC}") = "RafySDK.Templates", "Rafy\Tools\VSTemplates\RafySDK.Templates.csproj", "{50706521-F843-4C7D-9B27-5197B4088F3D}"
EndProject
Project("{7CF6DF6D-3B04-46F8-A40B-537D21BCA0B4}") = "Domain Documentation", "Rafy\Tools\Domain Documentation\Domain Documentation.shfbproj", "{B3673A48-EF4C-47BC-9450-20D278F16558}"
EndProject
Project("{FAE04EC0-301F-11D3-BF4B-00C04F79EFBC}") = "Rafy.RBAC.Old.Web", "Rafy\Plugins\Rafy.RBAC.Old\Rafy.RBAC.Web\Rafy.RBAC.Old.Web.csproj", "{DF358672-DBA8-4ACF-84DF-AD61E8AB811E}"
EndProject
Project("{FAE04EC0-301F-11D3-BF4B-00C04F79EFBC}") = "Rafy.Customization.Web", "Rafy\Plugins\Rafy.Customization.Web\Rafy.Customization.Web.csproj", "{15ABC304-2DD3-4302-9C44-E75F86DD2FA5}"
EndProject
Project("{FAE04EC0-301F-11D3-BF4B-00C04F79EFBC}") = "Rafy.Customization.WPF", "Rafy\Plugins\Rafy.Customization.WPF\Rafy.Customization.WPF.csproj", "{1370C33E-858C-4A32-9D66-4CE324674E3C}"
EndProject
Project("{FAE04EC0-301F-11D3-BF4B-00C04F79EFBC}") = "JXC.Web", "Demo\JXC.Web\JXC.Web.csproj", "{FD7EC4C3-22E0-4A20-A05B-BB4557AAA2C2}"
EndProject
Project("{FAE04EC0-301F-11D3-BF4B-00C04F79EFBC}") = "JXC.WPF", "Demo\JXC.WPF\JXC.WPF.csproj", "{5A18D090-AF63-4A3A-B377-24021518962C}"
EndProject
Project("{FAE04EC0-301F-11D3-BF4B-00C04F79EFBC}") = "Rafy.MultiLanguages.WPF", "Rafy\Plugins\Rafy.MultiLanguages.WPF\Rafy.MultiLanguages.WPF.csproj", "{C0AB2E3B-408B-4AF9-84DC-C67B4A19A699}"
EndProject
Project("{FAE04EC0-301F-11D3-BF4B-00C04F79EFBC}") = "Rafy.UnitTest.WPF", "Test\Rafy.UnitTest.WPF\Rafy.UnitTest.WPF.csproj", "{F1E214F9-7C72-4C52-B262-A41CE23A3993}"
EndProject
Project("{FAE04EC0-301F-11D3-BF4B-00C04F79EFBC}") = "Rafy.UnitTest.WCFPortal", "Test\Rafy.UnitTest.WCFPortal\Rafy.UnitTest.WCFPortal.csproj", "{2CEFA9B1-9D6E-47C0-9067-F30E2148CF95}"
EndProject
Project("{FAE04EC0-301F-11D3-BF4B-00C04F79EFBC}") = "Rafy.UnitTest.Repository", "Test\Rafy.UnitTest.Repository\Rafy.UnitTest.Repository.csproj", "{03E2413D-EC73-44F1-A0D3-366C3892700A}"
EndProject
Project("{FAE04EC0-301F-11D3-BF4B-00C04F79EFBC}") = "Rafy.UnitTest.IDataProvider", "Test\Rafy.UnitTest.IDataProvider\Rafy.UnitTest.IDataProvider.csproj", "{C13C7DFE-3BDF-456E-8B7B-01AD483D7396}"
EndProject
Project("{FAE04EC0-301F-11D3-BF4B-00C04F79EFBC}") = "Rafy.UnitTest.DataProvider", "Test\Rafy.UnitTest.DataProvider\Rafy.UnitTest.DataProvider.csproj", "{DF5E92A5-B32F-41AE-B880-14069D4FE7F4}"
EndProject
Project("{FAE04EC0-301F-11D3-BF4B-00C04F79EFBC}") = "RafyUnitTest.ClientTest", "Test\RafyUnitTest.ClientTest\RafyUnitTest.ClientTest.csproj", "{7A57E885-049B-4145-A446-44245A8DF483}"
EndProject
Project("{FAE04EC0-301F-11D3-BF4B-00C04F79EFBC}") = "Rafy.ComponentModel.UnityAdapter", "Rafy\Plugins\Rafy.ComponentModel.UnityAdapter\Rafy.ComponentModel.UnityAdapter.csproj", "{BE8C3CD6-F314-453D-A0ED-FCFEC0DEADBC}"
EndProject
Project("{FAE04EC0-301F-11D3-BF4B-00C04F79EFBC}") = "FinanceManagement", "Demo\FinanceManagement\FinanceManagement.csproj", "{CC48969B-892D-4C4C-9296-86CB25EF50A3}"
EndProject
Project("{FAE04EC0-301F-11D3-BF4B-00C04F79EFBC}") = "MonthPlan", "Demo\MonthPlan\MonthPlan.csproj", "{E11072FD-EF61-4373-8A1B-F7B642C0359C}"
EndProject
Project("{FAE04EC0-301F-11D3-BF4B-00C04F79EFBC}") = "Rafy.Domain.ORM.BatchSubmit", "Rafy\Plugins\Rafy.Domain.ORM.BatchSubmit\Rafy.Domain.ORM.BatchSubmit.csproj", "{F0533889-BE2C-4A21-90B0-26765833270E}"
EndProject
Project("{FAE04EC0-301F-11D3-BF4B-00C04F79EFBC}") = "Rafy.Domain.EntityPhantom", "Rafy\Plugins\Rafy.Domain.EntityPhantom\Rafy.Domain.EntityPhantom.csproj", "{0B6DF92B-0248-422D-A9C2-1604D4CB7BC9}"
EndProject
Project("{FAE04EC0-301F-11D3-BF4B-00C04F79EFBC}") = "Rafy.Domain.Stamp", "Rafy\Plugins\Rafy.Domain.Stamp\Rafy.Domain.Stamp.csproj", "{6A13F732-1658-4636-8113-338B398CF328}"
EndProject
Project("{9A19103F-16F7-4668-BE54-9A1E7A4F7556}") = "Rafy.Accounts", "Rafy\Plugins\Rafy.Accounts\Rafy.Accounts.csproj", "{4D6467E4-D1CE-4FA8-A1FE-92B1BA549A4A}"
EndProject
Project("{FAE04EC0-301F-11D3-BF4B-00C04F79EFBC}") = "Rafy.SerialNumber", "Rafy\Plugins\Rafy.SerialNumber\Rafy.SerialNumber.csproj", "{9FF37989-33E7-4D67-8E81-0A443EAEE510}"
EndProject
Project("{FAE04EC0-301F-11D3-BF4B-00C04F79EFBC}") = "Rafy.FileStorage", "Rafy\Plugins\Rafy.FileStorage\Rafy.FileStorage.csproj", "{143FEBB0-B41C-4E47-9325-F656CCED2FA6}"
EndProject
Project("{FAE04EC0-301F-11D3-BF4B-00C04F79EFBC}") = "Rafy.LicenseManager", "Rafy\Plugins\Rafy.LicenseManager\Rafy.LicenseManager\Rafy.LicenseManager.csproj", "{8F910D0F-0A51-417C-97E9-203C30FDA006}"
EndProject
Project("{FAE04EC0-301F-11D3-BF4B-00C04F79EFBC}") = "Rafy.LicenseManager.Encryption", "Rafy\Plugins\Rafy.LicenseManager\Rafy.LicenseManager.Encryption\Rafy.LicenseManager.Encryption.csproj", "{9E62ED52-63DF-4AFB-BCF5-09B8134D7C52}"
EndProject
Project("{FAE04EC0-301F-11D3-BF4B-00C04F79EFBC}") = "Rafy.RBAC.RoleManagement", "Rafy\Plugins\Rafy.RBAC\Rafy.RBAC.RoleManagement\Rafy.RBAC.RoleManagement.csproj", "{708150C2-4B78-4F02-A8E9-3338CC76F69C}"
EndProject
Project("{FAE04EC0-301F-11D3-BF4B-00C04F79EFBC}") = "Rafy.RBAC.GroupManagement", "Rafy\Plugins\Rafy.RBAC\Rafy.RBAC.GroupManagement\Rafy.RBAC.GroupManagement.csproj", "{E54CD6BC-727E-4D97-810D-6BB83A64A23F}"
EndProject
Project("{FAE04EC0-301F-11D3-BF4B-00C04F79EFBC}") = "Rafy.RBAC.UserRoleManagement", "Rafy\Plugins\Rafy.RBAC\Rafy.RBAC.UserRoleManagement\Rafy.RBAC.UserRoleManagement.csproj", "{609216EB-20AF-48C2-90C3-514CF588A062}"
EndProject
Project("{FAE04EC0-301F-11D3-BF4B-00C04F79EFBC}") = "Rafy.RBAC.DataPermissionManagement", "Rafy\Plugins\Rafy.RBAC\Rafy.RBAC.DataPermissionManagement\Rafy.RBAC.DataPermissionManagement.csproj", "{7750612E-AB7E-4A98-86E1-FF6E4D9D7C54}"
EndProject
Project("{FAE04EC0-301F-11D3-BF4B-00C04F79EFBC}") = "Rafy.DataTableMigration", "Rafy\Plugins\Rafy.DataTableMigration\Rafy.DataTableMigration.csproj", "{95CB6F76-3D35-4F2E-BF2A-A45EC41C76B4}"
EndProject
Global
	GlobalSection(SolutionConfigurationPlatforms) = preSolution
		D_UIA_Standard|Any CPU = D_UIA_Standard|Any CPU
		D_Web|Any CPU = D_Web|Any CPU
		Debug|Any CPU = Debug|Any CPU
		Release|Any CPU = Release|Any CPU
	EndGlobalSection
	GlobalSection(ProjectConfigurationPlatforms) = postSolution
		{84399E4E-CC81-4B1F-9953-586B25B29792}.D_UIA_Standard|Any CPU.ActiveCfg = Debug|Any CPU
		{84399E4E-CC81-4B1F-9953-586B25B29792}.D_Web|Any CPU.ActiveCfg = Debug|Any CPU
		{84399E4E-CC81-4B1F-9953-586B25B29792}.Debug|Any CPU.ActiveCfg = Debug|Any CPU
		{84399E4E-CC81-4B1F-9953-586B25B29792}.Debug|Any CPU.Build.0 = Debug|Any CPU
		{84399E4E-CC81-4B1F-9953-586B25B29792}.Release|Any CPU.ActiveCfg = Release|Any CPU
		{84399E4E-CC81-4B1F-9953-586B25B29792}.Release|Any CPU.Build.0 = Release|Any CPU
		{9AA27D8B-8F77-403B-99D0-51EB0CE01AC6}.D_UIA_Standard|Any CPU.ActiveCfg = Debug|Any CPU
		{9AA27D8B-8F77-403B-99D0-51EB0CE01AC6}.D_Web|Any CPU.ActiveCfg = Debug|Any CPU
		{9AA27D8B-8F77-403B-99D0-51EB0CE01AC6}.Debug|Any CPU.ActiveCfg = Debug|Any CPU
		{9AA27D8B-8F77-403B-99D0-51EB0CE01AC6}.Debug|Any CPU.Build.0 = Debug|Any CPU
		{9AA27D8B-8F77-403B-99D0-51EB0CE01AC6}.Release|Any CPU.ActiveCfg = Release|Any CPU
		{9AA27D8B-8F77-403B-99D0-51EB0CE01AC6}.Release|Any CPU.Build.0 = Release|Any CPU
		{966A5BF2-D690-426B-AD68-AD868BB8F855}.D_UIA_Standard|Any CPU.ActiveCfg = Debug|Any CPU
		{966A5BF2-D690-426B-AD68-AD868BB8F855}.D_Web|Any CPU.ActiveCfg = Debug|Any CPU
		{966A5BF2-D690-426B-AD68-AD868BB8F855}.D_Web|Any CPU.Build.0 = Debug|Any CPU
		{966A5BF2-D690-426B-AD68-AD868BB8F855}.Debug|Any CPU.ActiveCfg = Debug|Any CPU
		{966A5BF2-D690-426B-AD68-AD868BB8F855}.Debug|Any CPU.Build.0 = Debug|Any CPU
		{966A5BF2-D690-426B-AD68-AD868BB8F855}.Release|Any CPU.ActiveCfg = Release|Any CPU
		{966A5BF2-D690-426B-AD68-AD868BB8F855}.Release|Any CPU.Build.0 = Release|Any CPU
		{22A24653-E4A5-48E2-B9C7-A1B24DACECF3}.D_UIA_Standard|Any CPU.ActiveCfg = Debug|Any CPU
		{22A24653-E4A5-48E2-B9C7-A1B24DACECF3}.D_Web|Any CPU.ActiveCfg = Debug|Any CPU
		{22A24653-E4A5-48E2-B9C7-A1B24DACECF3}.D_Web|Any CPU.Build.0 = Debug|Any CPU
		{22A24653-E4A5-48E2-B9C7-A1B24DACECF3}.Debug|Any CPU.ActiveCfg = Debug|Any CPU
		{22A24653-E4A5-48E2-B9C7-A1B24DACECF3}.Debug|Any CPU.Build.0 = Debug|Any CPU
		{22A24653-E4A5-48E2-B9C7-A1B24DACECF3}.Release|Any CPU.ActiveCfg = Release|Any CPU
		{22A24653-E4A5-48E2-B9C7-A1B24DACECF3}.Release|Any CPU.Build.0 = Release|Any CPU
		{9D2CDAC7-CAED-4874-BCAF-3D160B26C48B}.D_UIA_Standard|Any CPU.ActiveCfg = _Debug_UIA_Standard|Any CPU
		{9D2CDAC7-CAED-4874-BCAF-3D160B26C48B}.D_UIA_Standard|Any CPU.Build.0 = _Debug_UIA_Standard|Any CPU
		{9D2CDAC7-CAED-4874-BCAF-3D160B26C48B}.D_Web|Any CPU.ActiveCfg = Debug|Any CPU
		{9D2CDAC7-CAED-4874-BCAF-3D160B26C48B}.Debug|Any CPU.ActiveCfg = _Debug_UIA_Standard|Any CPU
		{9D2CDAC7-CAED-4874-BCAF-3D160B26C48B}.Debug|Any CPU.Build.0 = _Debug_UIA_Standard|Any CPU
		{9D2CDAC7-CAED-4874-BCAF-3D160B26C48B}.Release|Any CPU.ActiveCfg = Release|Any CPU
		{9D2CDAC7-CAED-4874-BCAF-3D160B26C48B}.Release|Any CPU.Build.0 = Release|Any CPU
		{FF2C86C5-115B-4639-B0AC-7A4851509DCC}.D_UIA_Standard|Any CPU.ActiveCfg = Debug|Any CPU
		{FF2C86C5-115B-4639-B0AC-7A4851509DCC}.D_UIA_Standard|Any CPU.Build.0 = Debug|Any CPU
		{FF2C86C5-115B-4639-B0AC-7A4851509DCC}.D_Web|Any CPU.ActiveCfg = Debug|Any CPU
		{FF2C86C5-115B-4639-B0AC-7A4851509DCC}.D_Web|Any CPU.Build.0 = Debug|Any CPU
		{FF2C86C5-115B-4639-B0AC-7A4851509DCC}.Debug|Any CPU.ActiveCfg = Debug|Any CPU
		{FF2C86C5-115B-4639-B0AC-7A4851509DCC}.Debug|Any CPU.Build.0 = Debug|Any CPU
		{FF2C86C5-115B-4639-B0AC-7A4851509DCC}.Release|Any CPU.ActiveCfg = Release|Any CPU
		{FF2C86C5-115B-4639-B0AC-7A4851509DCC}.Release|Any CPU.Build.0 = Release|Any CPU
		{BBC530FC-0B10-4DA9-9360-FFF250415EB5}.D_UIA_Standard|Any CPU.ActiveCfg = Debug|Any CPU
		{BBC530FC-0B10-4DA9-9360-FFF250415EB5}.D_UIA_Standard|Any CPU.Build.0 = Debug|Any CPU
		{BBC530FC-0B10-4DA9-9360-FFF250415EB5}.D_Web|Any CPU.ActiveCfg = Debug|Any CPU
		{BBC530FC-0B10-4DA9-9360-FFF250415EB5}.Debug|Any CPU.ActiveCfg = Debug|Any CPU
		{BBC530FC-0B10-4DA9-9360-FFF250415EB5}.Debug|Any CPU.Build.0 = Debug|Any CPU
		{BBC530FC-0B10-4DA9-9360-FFF250415EB5}.Release|Any CPU.ActiveCfg = Release|Any CPU
		{BBC530FC-0B10-4DA9-9360-FFF250415EB5}.Release|Any CPU.Build.0 = Release|Any CPU
		{03D5A267-C106-42A9-8959-93D7AE3648DD}.D_UIA_Standard|Any CPU.ActiveCfg = Debug|Any CPU
		{03D5A267-C106-42A9-8959-93D7AE3648DD}.D_UIA_Standard|Any CPU.Build.0 = Debug|Any CPU
		{03D5A267-C106-42A9-8959-93D7AE3648DD}.D_Web|Any CPU.ActiveCfg = Debug|Any CPU
		{03D5A267-C106-42A9-8959-93D7AE3648DD}.D_Web|Any CPU.Build.0 = Debug|Any CPU
		{03D5A267-C106-42A9-8959-93D7AE3648DD}.Debug|Any CPU.ActiveCfg = Debug|Any CPU
		{03D5A267-C106-42A9-8959-93D7AE3648DD}.Debug|Any CPU.Build.0 = Debug|Any CPU
		{03D5A267-C106-42A9-8959-93D7AE3648DD}.Release|Any CPU.ActiveCfg = Release|Any CPU
		{03D5A267-C106-42A9-8959-93D7AE3648DD}.Release|Any CPU.Build.0 = Release|Any CPU
		{D226414C-37F6-4618-8B91-7E80E7D2C42E}.D_UIA_Standard|Any CPU.ActiveCfg = Debug|Any CPU
		{D226414C-37F6-4618-8B91-7E80E7D2C42E}.D_UIA_Standard|Any CPU.Build.0 = Debug|Any CPU
		{D226414C-37F6-4618-8B91-7E80E7D2C42E}.D_Web|Any CPU.ActiveCfg = Debug|Any CPU
		{D226414C-37F6-4618-8B91-7E80E7D2C42E}.Debug|Any CPU.ActiveCfg = Debug|Any CPU
		{D226414C-37F6-4618-8B91-7E80E7D2C42E}.Debug|Any CPU.Build.0 = Debug|Any CPU
		{D226414C-37F6-4618-8B91-7E80E7D2C42E}.Release|Any CPU.ActiveCfg = Release|Any CPU
		{D226414C-37F6-4618-8B91-7E80E7D2C42E}.Release|Any CPU.Build.0 = Release|Any CPU
		{A2F2F4E8-A6EC-4856-A1DA-BD4EB783041D}.D_UIA_Standard|Any CPU.ActiveCfg = Debug|Any CPU
		{A2F2F4E8-A6EC-4856-A1DA-BD4EB783041D}.D_UIA_Standard|Any CPU.Build.0 = Debug|Any CPU
		{A2F2F4E8-A6EC-4856-A1DA-BD4EB783041D}.D_Web|Any CPU.ActiveCfg = Debug|Any CPU
		{A2F2F4E8-A6EC-4856-A1DA-BD4EB783041D}.D_Web|Any CPU.Build.0 = Debug|Any CPU
		{A2F2F4E8-A6EC-4856-A1DA-BD4EB783041D}.Debug|Any CPU.ActiveCfg = Debug|Any CPU
		{A2F2F4E8-A6EC-4856-A1DA-BD4EB783041D}.Debug|Any CPU.Build.0 = Debug|Any CPU
		{A2F2F4E8-A6EC-4856-A1DA-BD4EB783041D}.Release|Any CPU.ActiveCfg = Release|Any CPU
		{A2F2F4E8-A6EC-4856-A1DA-BD4EB783041D}.Release|Any CPU.Build.0 = Release|Any CPU
		{257BF7C4-07DE-4E76-B2E2-443E2200B1E0}.D_UIA_Standard|Any CPU.ActiveCfg = Debug|Any CPU
		{257BF7C4-07DE-4E76-B2E2-443E2200B1E0}.D_UIA_Standard|Any CPU.Build.0 = Debug|Any CPU
		{257BF7C4-07DE-4E76-B2E2-443E2200B1E0}.D_Web|Any CPU.ActiveCfg = Debug|Any CPU
		{257BF7C4-07DE-4E76-B2E2-443E2200B1E0}.Debug|Any CPU.ActiveCfg = Debug|Any CPU
		{257BF7C4-07DE-4E76-B2E2-443E2200B1E0}.Debug|Any CPU.Build.0 = Debug|Any CPU
		{257BF7C4-07DE-4E76-B2E2-443E2200B1E0}.Release|Any CPU.ActiveCfg = Release|Any CPU
		{257BF7C4-07DE-4E76-B2E2-443E2200B1E0}.Release|Any CPU.Build.0 = Release|Any CPU
		{547364FE-CCBF-4F72-9B72-F7BB272B0988}.D_UIA_Standard|Any CPU.ActiveCfg = Debug|Any CPU
		{547364FE-CCBF-4F72-9B72-F7BB272B0988}.D_UIA_Standard|Any CPU.Build.0 = Debug|Any CPU
		{547364FE-CCBF-4F72-9B72-F7BB272B0988}.D_Web|Any CPU.ActiveCfg = Debug|Any CPU
		{547364FE-CCBF-4F72-9B72-F7BB272B0988}.Debug|Any CPU.ActiveCfg = Debug|Any CPU
		{547364FE-CCBF-4F72-9B72-F7BB272B0988}.Debug|Any CPU.Build.0 = Debug|Any CPU
		{547364FE-CCBF-4F72-9B72-F7BB272B0988}.Release|Any CPU.ActiveCfg = Release|Any CPU
		{547364FE-CCBF-4F72-9B72-F7BB272B0988}.Release|Any CPU.Build.0 = Release|Any CPU
		{70AB9A4D-27E0-4F3C-9A7D-1A33F0FA4E73}.D_UIA_Standard|Any CPU.ActiveCfg = Debug|Any CPU
		{70AB9A4D-27E0-4F3C-9A7D-1A33F0FA4E73}.D_UIA_Standard|Any CPU.Build.0 = Debug|Any CPU
		{70AB9A4D-27E0-4F3C-9A7D-1A33F0FA4E73}.D_Web|Any CPU.ActiveCfg = Debug|Any CPU
		{70AB9A4D-27E0-4F3C-9A7D-1A33F0FA4E73}.D_Web|Any CPU.Build.0 = Debug|Any CPU
		{70AB9A4D-27E0-4F3C-9A7D-1A33F0FA4E73}.Debug|Any CPU.ActiveCfg = Debug|Any CPU
		{70AB9A4D-27E0-4F3C-9A7D-1A33F0FA4E73}.Debug|Any CPU.Build.0 = Debug|Any CPU
		{70AB9A4D-27E0-4F3C-9A7D-1A33F0FA4E73}.Release|Any CPU.ActiveCfg = Release|Any CPU
		{70AB9A4D-27E0-4F3C-9A7D-1A33F0FA4E73}.Release|Any CPU.Build.0 = Release|Any CPU
		{D203FEBF-05A8-4711-8AD2-A27592A04C57}.D_UIA_Standard|Any CPU.ActiveCfg = Debug|Any CPU
		{D203FEBF-05A8-4711-8AD2-A27592A04C57}.D_UIA_Standard|Any CPU.Build.0 = Debug|Any CPU
		{D203FEBF-05A8-4711-8AD2-A27592A04C57}.D_Web|Any CPU.ActiveCfg = Debug|Any CPU
		{D203FEBF-05A8-4711-8AD2-A27592A04C57}.Debug|Any CPU.ActiveCfg = Debug|Any CPU
		{D203FEBF-05A8-4711-8AD2-A27592A04C57}.Debug|Any CPU.Build.0 = Debug|Any CPU
		{D203FEBF-05A8-4711-8AD2-A27592A04C57}.Release|Any CPU.ActiveCfg = Release|Any CPU
		{D203FEBF-05A8-4711-8AD2-A27592A04C57}.Release|Any CPU.Build.0 = Release|Any CPU
		{981E2082-072B-4A9E-9646-26C971F06D03}.D_UIA_Standard|Any CPU.ActiveCfg = Debug|Any CPU
		{981E2082-072B-4A9E-9646-26C971F06D03}.D_Web|Any CPU.ActiveCfg = Debug|Any CPU
		{981E2082-072B-4A9E-9646-26C971F06D03}.D_Web|Any CPU.Build.0 = Debug|Any CPU
		{981E2082-072B-4A9E-9646-26C971F06D03}.Debug|Any CPU.ActiveCfg = Debug|Any CPU
		{981E2082-072B-4A9E-9646-26C971F06D03}.Debug|Any CPU.Build.0 = Debug|Any CPU
		{981E2082-072B-4A9E-9646-26C971F06D03}.Release|Any CPU.ActiveCfg = Release|Any CPU
		{981E2082-072B-4A9E-9646-26C971F06D03}.Release|Any CPU.Build.0 = Release|Any CPU
		{367AD72F-6AD4-4D3E-9EE9-05B0AE71643C}.D_UIA_Standard|Any CPU.ActiveCfg = Debug|Any CPU
		{367AD72F-6AD4-4D3E-9EE9-05B0AE71643C}.D_UIA_Standard|Any CPU.Build.0 = Debug|Any CPU
		{367AD72F-6AD4-4D3E-9EE9-05B0AE71643C}.D_Web|Any CPU.ActiveCfg = Debug|Any CPU
		{367AD72F-6AD4-4D3E-9EE9-05B0AE71643C}.D_Web|Any CPU.Build.0 = Debug|Any CPU
		{367AD72F-6AD4-4D3E-9EE9-05B0AE71643C}.Debug|Any CPU.ActiveCfg = Debug|Any CPU
		{367AD72F-6AD4-4D3E-9EE9-05B0AE71643C}.Debug|Any CPU.Build.0 = Debug|Any CPU
		{367AD72F-6AD4-4D3E-9EE9-05B0AE71643C}.Release|Any CPU.ActiveCfg = Release|Any CPU
		{367AD72F-6AD4-4D3E-9EE9-05B0AE71643C}.Release|Any CPU.Build.0 = Release|Any CPU
		{9107E3A0-E18A-49B5-A214-DACCD5FE8723}.D_UIA_Standard|Any CPU.ActiveCfg = Debug|Any CPU
		{9107E3A0-E18A-49B5-A214-DACCD5FE8723}.D_UIA_Standard|Any CPU.Build.0 = Debug|Any CPU
		{9107E3A0-E18A-49B5-A214-DACCD5FE8723}.D_Web|Any CPU.ActiveCfg = Debug|Any CPU
		{9107E3A0-E18A-49B5-A214-DACCD5FE8723}.D_Web|Any CPU.Build.0 = Debug|Any CPU
		{9107E3A0-E18A-49B5-A214-DACCD5FE8723}.Debug|Any CPU.ActiveCfg = Debug|Any CPU
		{9107E3A0-E18A-49B5-A214-DACCD5FE8723}.Debug|Any CPU.Build.0 = Debug|Any CPU
		{9107E3A0-E18A-49B5-A214-DACCD5FE8723}.Release|Any CPU.ActiveCfg = Release|Any CPU
		{9107E3A0-E18A-49B5-A214-DACCD5FE8723}.Release|Any CPU.Build.0 = Release|Any CPU
		{2510CABD-152A-402E-87F9-5B50173861C7}.D_UIA_Standard|Any CPU.ActiveCfg = Debug|Any CPU
		{2510CABD-152A-402E-87F9-5B50173861C7}.D_UIA_Standard|Any CPU.Build.0 = Debug|Any CPU
		{2510CABD-152A-402E-87F9-5B50173861C7}.D_Web|Any CPU.ActiveCfg = Debug|Any CPU
		{2510CABD-152A-402E-87F9-5B50173861C7}.D_Web|Any CPU.Build.0 = Debug|Any CPU
		{2510CABD-152A-402E-87F9-5B50173861C7}.Debug|Any CPU.ActiveCfg = Debug|Any CPU
		{2510CABD-152A-402E-87F9-5B50173861C7}.Debug|Any CPU.Build.0 = Debug|Any CPU
		{2510CABD-152A-402E-87F9-5B50173861C7}.Release|Any CPU.ActiveCfg = Release|Any CPU
		{2510CABD-152A-402E-87F9-5B50173861C7}.Release|Any CPU.Build.0 = Release|Any CPU
		{FCECE939-5A33-44BA-B0FB-799D8EFCA7BF}.D_UIA_Standard|Any CPU.ActiveCfg = Debug|Any CPU
		{FCECE939-5A33-44BA-B0FB-799D8EFCA7BF}.D_UIA_Standard|Any CPU.Build.0 = Debug|Any CPU
		{FCECE939-5A33-44BA-B0FB-799D8EFCA7BF}.D_Web|Any CPU.ActiveCfg = Debug|Any CPU
		{FCECE939-5A33-44BA-B0FB-799D8EFCA7BF}.D_Web|Any CPU.Build.0 = Debug|Any CPU
		{FCECE939-5A33-44BA-B0FB-799D8EFCA7BF}.Debug|Any CPU.ActiveCfg = Debug|Any CPU
		{FCECE939-5A33-44BA-B0FB-799D8EFCA7BF}.Debug|Any CPU.Build.0 = Debug|Any CPU
		{FCECE939-5A33-44BA-B0FB-799D8EFCA7BF}.Release|Any CPU.ActiveCfg = Release|Any CPU
		{FCECE939-5A33-44BA-B0FB-799D8EFCA7BF}.Release|Any CPU.Build.0 = Release|Any CPU
		{DA42D343-0E0B-4FC4-A698-90C041A57444}.D_UIA_Standard|Any CPU.ActiveCfg = Debug|Any CPU
		{DA42D343-0E0B-4FC4-A698-90C041A57444}.D_UIA_Standard|Any CPU.Build.0 = Debug|Any CPU
		{DA42D343-0E0B-4FC4-A698-90C041A57444}.D_Web|Any CPU.ActiveCfg = Debug|Any CPU
		{DA42D343-0E0B-4FC4-A698-90C041A57444}.D_Web|Any CPU.Build.0 = Debug|Any CPU
		{DA42D343-0E0B-4FC4-A698-90C041A57444}.Debug|Any CPU.ActiveCfg = Debug|Any CPU
		{DA42D343-0E0B-4FC4-A698-90C041A57444}.Debug|Any CPU.Build.0 = Debug|Any CPU
		{DA42D343-0E0B-4FC4-A698-90C041A57444}.Release|Any CPU.ActiveCfg = Release|Any CPU
		{DA42D343-0E0B-4FC4-A698-90C041A57444}.Release|Any CPU.Build.0 = Release|Any CPU
		{C5C7E328-3C7C-4C93-AA83-338BCBB3DA50}.D_UIA_Standard|Any CPU.ActiveCfg = Debug|Any CPU
		{C5C7E328-3C7C-4C93-AA83-338BCBB3DA50}.D_UIA_Standard|Any CPU.Build.0 = Debug|Any CPU
		{C5C7E328-3C7C-4C93-AA83-338BCBB3DA50}.D_Web|Any CPU.ActiveCfg = Debug|Any CPU
		{C5C7E328-3C7C-4C93-AA83-338BCBB3DA50}.D_Web|Any CPU.Build.0 = Debug|Any CPU
		{C5C7E328-3C7C-4C93-AA83-338BCBB3DA50}.Debug|Any CPU.ActiveCfg = Debug|Any CPU
		{C5C7E328-3C7C-4C93-AA83-338BCBB3DA50}.Debug|Any CPU.Build.0 = Debug|Any CPU
		{C5C7E328-3C7C-4C93-AA83-338BCBB3DA50}.Release|Any CPU.ActiveCfg = Release|Any CPU
		{C5C7E328-3C7C-4C93-AA83-338BCBB3DA50}.Release|Any CPU.Build.0 = Release|Any CPU
		{13713B6B-E00D-4B7E-A3C2-67988699EA85}.D_UIA_Standard|Any CPU.ActiveCfg = Debug|Any CPU
		{13713B6B-E00D-4B7E-A3C2-67988699EA85}.D_UIA_Standard|Any CPU.Build.0 = Debug|Any CPU
		{13713B6B-E00D-4B7E-A3C2-67988699EA85}.D_Web|Any CPU.ActiveCfg = Debug|Any CPU
		{13713B6B-E00D-4B7E-A3C2-67988699EA85}.D_Web|Any CPU.Build.0 = Debug|Any CPU
		{13713B6B-E00D-4B7E-A3C2-67988699EA85}.Debug|Any CPU.ActiveCfg = Debug|Any CPU
		{13713B6B-E00D-4B7E-A3C2-67988699EA85}.Debug|Any CPU.Build.0 = Debug|Any CPU
		{13713B6B-E00D-4B7E-A3C2-67988699EA85}.Release|Any CPU.ActiveCfg = Release|Any CPU
		{13713B6B-E00D-4B7E-A3C2-67988699EA85}.Release|Any CPU.Build.0 = Release|Any CPU
		{B10AFEDA-3905-4A84-B8DF-B557B48040E3}.D_UIA_Standard|Any CPU.ActiveCfg = Debug|Any CPU
		{B10AFEDA-3905-4A84-B8DF-B557B48040E3}.D_UIA_Standard|Any CPU.Build.0 = Debug|Any CPU
		{B10AFEDA-3905-4A84-B8DF-B557B48040E3}.D_Web|Any CPU.ActiveCfg = Debug|Any CPU
		{B10AFEDA-3905-4A84-B8DF-B557B48040E3}.D_Web|Any CPU.Build.0 = Debug|Any CPU
		{B10AFEDA-3905-4A84-B8DF-B557B48040E3}.Debug|Any CPU.ActiveCfg = Debug|Any CPU
		{B10AFEDA-3905-4A84-B8DF-B557B48040E3}.Debug|Any CPU.Build.0 = Debug|Any CPU
		{B10AFEDA-3905-4A84-B8DF-B557B48040E3}.Release|Any CPU.ActiveCfg = Release|Any CPU
		{B10AFEDA-3905-4A84-B8DF-B557B48040E3}.Release|Any CPU.Build.0 = Release|Any CPU
		{27C8A770-42FE-4BB4-9C2A-63A2DF354958}.D_UIA_Standard|Any CPU.ActiveCfg = Debug|Any CPU
		{27C8A770-42FE-4BB4-9C2A-63A2DF354958}.D_UIA_Standard|Any CPU.Build.0 = Debug|Any CPU
		{27C8A770-42FE-4BB4-9C2A-63A2DF354958}.D_Web|Any CPU.ActiveCfg = Debug|Any CPU
		{27C8A770-42FE-4BB4-9C2A-63A2DF354958}.D_Web|Any CPU.Build.0 = Debug|Any CPU
		{27C8A770-42FE-4BB4-9C2A-63A2DF354958}.Debug|Any CPU.ActiveCfg = Debug|Any CPU
		{27C8A770-42FE-4BB4-9C2A-63A2DF354958}.Debug|Any CPU.Build.0 = Debug|Any CPU
		{27C8A770-42FE-4BB4-9C2A-63A2DF354958}.Release|Any CPU.ActiveCfg = Release|Any CPU
		{27C8A770-42FE-4BB4-9C2A-63A2DF354958}.Release|Any CPU.Build.0 = Release|Any CPU
		{50706521-F843-4C7D-9B27-5197B4088F3D}.D_UIA_Standard|Any CPU.ActiveCfg = Debug|Any CPU
		{50706521-F843-4C7D-9B27-5197B4088F3D}.D_UIA_Standard|Any CPU.Build.0 = Debug|Any CPU
		{50706521-F843-4C7D-9B27-5197B4088F3D}.D_Web|Any CPU.ActiveCfg = Debug|Any CPU
		{50706521-F843-4C7D-9B27-5197B4088F3D}.D_Web|Any CPU.Build.0 = Debug|Any CPU
		{50706521-F843-4C7D-9B27-5197B4088F3D}.Debug|Any CPU.ActiveCfg = Debug|Any CPU
		{50706521-F843-4C7D-9B27-5197B4088F3D}.Debug|Any CPU.Build.0 = Debug|Any CPU
		{50706521-F843-4C7D-9B27-5197B4088F3D}.Release|Any CPU.ActiveCfg = Release|Any CPU
		{50706521-F843-4C7D-9B27-5197B4088F3D}.Release|Any CPU.Build.0 = Release|Any CPU
		{B3673A48-EF4C-47BC-9450-20D278F16558}.D_UIA_Standard|Any CPU.ActiveCfg = Debug|Any CPU
		{B3673A48-EF4C-47BC-9450-20D278F16558}.D_UIA_Standard|Any CPU.Build.0 = Debug|Any CPU
		{B3673A48-EF4C-47BC-9450-20D278F16558}.D_Web|Any CPU.ActiveCfg = Debug|Any CPU
		{B3673A48-EF4C-47BC-9450-20D278F16558}.D_Web|Any CPU.Build.0 = Debug|Any CPU
		{B3673A48-EF4C-47BC-9450-20D278F16558}.Debug|Any CPU.ActiveCfg = Debug|Any CPU
		{B3673A48-EF4C-47BC-9450-20D278F16558}.Release|Any CPU.ActiveCfg = Release|Any CPU
		{B3673A48-EF4C-47BC-9450-20D278F16558}.Release|Any CPU.Build.0 = Release|Any CPU
		{DF358672-DBA8-4ACF-84DF-AD61E8AB811E}.D_UIA_Standard|Any CPU.ActiveCfg = Debug|Any CPU
		{DF358672-DBA8-4ACF-84DF-AD61E8AB811E}.D_UIA_Standard|Any CPU.Build.0 = Debug|Any CPU
		{DF358672-DBA8-4ACF-84DF-AD61E8AB811E}.D_Web|Any CPU.ActiveCfg = Debug|Any CPU
		{DF358672-DBA8-4ACF-84DF-AD61E8AB811E}.D_Web|Any CPU.Build.0 = Debug|Any CPU
		{DF358672-DBA8-4ACF-84DF-AD61E8AB811E}.Debug|Any CPU.ActiveCfg = Debug|Any CPU
		{DF358672-DBA8-4ACF-84DF-AD61E8AB811E}.Debug|Any CPU.Build.0 = Debug|Any CPU
		{DF358672-DBA8-4ACF-84DF-AD61E8AB811E}.Release|Any CPU.ActiveCfg = Release|Any CPU
		{DF358672-DBA8-4ACF-84DF-AD61E8AB811E}.Release|Any CPU.Build.0 = Release|Any CPU
		{15ABC304-2DD3-4302-9C44-E75F86DD2FA5}.D_UIA_Standard|Any CPU.ActiveCfg = Debug|Any CPU
		{15ABC304-2DD3-4302-9C44-E75F86DD2FA5}.D_UIA_Standard|Any CPU.Build.0 = Debug|Any CPU
		{15ABC304-2DD3-4302-9C44-E75F86DD2FA5}.D_Web|Any CPU.ActiveCfg = Debug|Any CPU
		{15ABC304-2DD3-4302-9C44-E75F86DD2FA5}.D_Web|Any CPU.Build.0 = Debug|Any CPU
		{15ABC304-2DD3-4302-9C44-E75F86DD2FA5}.Debug|Any CPU.ActiveCfg = Debug|Any CPU
		{15ABC304-2DD3-4302-9C44-E75F86DD2FA5}.Debug|Any CPU.Build.0 = Debug|Any CPU
		{15ABC304-2DD3-4302-9C44-E75F86DD2FA5}.Release|Any CPU.ActiveCfg = Release|Any CPU
		{15ABC304-2DD3-4302-9C44-E75F86DD2FA5}.Release|Any CPU.Build.0 = Release|Any CPU
		{1370C33E-858C-4A32-9D66-4CE324674E3C}.D_UIA_Standard|Any CPU.ActiveCfg = Debug|Any CPU
		{1370C33E-858C-4A32-9D66-4CE324674E3C}.D_UIA_Standard|Any CPU.Build.0 = Debug|Any CPU
		{1370C33E-858C-4A32-9D66-4CE324674E3C}.D_Web|Any CPU.ActiveCfg = Debug|Any CPU
		{1370C33E-858C-4A32-9D66-4CE324674E3C}.D_Web|Any CPU.Build.0 = Debug|Any CPU
		{1370C33E-858C-4A32-9D66-4CE324674E3C}.Debug|Any CPU.ActiveCfg = Debug|Any CPU
		{1370C33E-858C-4A32-9D66-4CE324674E3C}.Debug|Any CPU.Build.0 = Debug|Any CPU
		{1370C33E-858C-4A32-9D66-4CE324674E3C}.Release|Any CPU.ActiveCfg = Release|Any CPU
		{1370C33E-858C-4A32-9D66-4CE324674E3C}.Release|Any CPU.Build.0 = Release|Any CPU
		{FD7EC4C3-22E0-4A20-A05B-BB4557AAA2C2}.D_UIA_Standard|Any CPU.ActiveCfg = Debug|Any CPU
		{FD7EC4C3-22E0-4A20-A05B-BB4557AAA2C2}.D_UIA_Standard|Any CPU.Build.0 = Debug|Any CPU
		{FD7EC4C3-22E0-4A20-A05B-BB4557AAA2C2}.D_Web|Any CPU.ActiveCfg = Debug|Any CPU
		{FD7EC4C3-22E0-4A20-A05B-BB4557AAA2C2}.D_Web|Any CPU.Build.0 = Debug|Any CPU
		{FD7EC4C3-22E0-4A20-A05B-BB4557AAA2C2}.Debug|Any CPU.ActiveCfg = Debug|Any CPU
		{FD7EC4C3-22E0-4A20-A05B-BB4557AAA2C2}.Debug|Any CPU.Build.0 = Debug|Any CPU
		{FD7EC4C3-22E0-4A20-A05B-BB4557AAA2C2}.Release|Any CPU.ActiveCfg = Release|Any CPU
		{FD7EC4C3-22E0-4A20-A05B-BB4557AAA2C2}.Release|Any CPU.Build.0 = Release|Any CPU
		{5A18D090-AF63-4A3A-B377-24021518962C}.D_UIA_Standard|Any CPU.ActiveCfg = Debug|Any CPU
		{5A18D090-AF63-4A3A-B377-24021518962C}.D_UIA_Standard|Any CPU.Build.0 = Debug|Any CPU
		{5A18D090-AF63-4A3A-B377-24021518962C}.D_Web|Any CPU.ActiveCfg = Debug|Any CPU
		{5A18D090-AF63-4A3A-B377-24021518962C}.D_Web|Any CPU.Build.0 = Debug|Any CPU
		{5A18D090-AF63-4A3A-B377-24021518962C}.Debug|Any CPU.ActiveCfg = Debug|Any CPU
		{5A18D090-AF63-4A3A-B377-24021518962C}.Debug|Any CPU.Build.0 = Debug|Any CPU
		{5A18D090-AF63-4A3A-B377-24021518962C}.Release|Any CPU.ActiveCfg = Release|Any CPU
		{5A18D090-AF63-4A3A-B377-24021518962C}.Release|Any CPU.Build.0 = Release|Any CPU
		{C0AB2E3B-408B-4AF9-84DC-C67B4A19A699}.D_UIA_Standard|Any CPU.ActiveCfg = Debug|Any CPU
		{C0AB2E3B-408B-4AF9-84DC-C67B4A19A699}.D_UIA_Standard|Any CPU.Build.0 = Debug|Any CPU
		{C0AB2E3B-408B-4AF9-84DC-C67B4A19A699}.D_Web|Any CPU.ActiveCfg = Debug|Any CPU
		{C0AB2E3B-408B-4AF9-84DC-C67B4A19A699}.D_Web|Any CPU.Build.0 = Debug|Any CPU
		{C0AB2E3B-408B-4AF9-84DC-C67B4A19A699}.Debug|Any CPU.ActiveCfg = Debug|Any CPU
		{C0AB2E3B-408B-4AF9-84DC-C67B4A19A699}.Debug|Any CPU.Build.0 = Debug|Any CPU
		{C0AB2E3B-408B-4AF9-84DC-C67B4A19A699}.Release|Any CPU.ActiveCfg = Release|Any CPU
		{C0AB2E3B-408B-4AF9-84DC-C67B4A19A699}.Release|Any CPU.Build.0 = Release|Any CPU
		{F1E214F9-7C72-4C52-B262-A41CE23A3993}.D_UIA_Standard|Any CPU.ActiveCfg = Debug|Any CPU
		{F1E214F9-7C72-4C52-B262-A41CE23A3993}.D_UIA_Standard|Any CPU.Build.0 = Debug|Any CPU
		{F1E214F9-7C72-4C52-B262-A41CE23A3993}.D_Web|Any CPU.ActiveCfg = Debug|Any CPU
		{F1E214F9-7C72-4C52-B262-A41CE23A3993}.D_Web|Any CPU.Build.0 = Debug|Any CPU
		{F1E214F9-7C72-4C52-B262-A41CE23A3993}.Debug|Any CPU.ActiveCfg = Debug|Any CPU
		{F1E214F9-7C72-4C52-B262-A41CE23A3993}.Debug|Any CPU.Build.0 = Debug|Any CPU
		{F1E214F9-7C72-4C52-B262-A41CE23A3993}.Release|Any CPU.ActiveCfg = Release|Any CPU
		{F1E214F9-7C72-4C52-B262-A41CE23A3993}.Release|Any CPU.Build.0 = Release|Any CPU
		{2CEFA9B1-9D6E-47C0-9067-F30E2148CF95}.D_UIA_Standard|Any CPU.ActiveCfg = Debug|Any CPU
		{2CEFA9B1-9D6E-47C0-9067-F30E2148CF95}.D_UIA_Standard|Any CPU.Build.0 = Debug|Any CPU
		{2CEFA9B1-9D6E-47C0-9067-F30E2148CF95}.D_Web|Any CPU.ActiveCfg = Debug|Any CPU
		{2CEFA9B1-9D6E-47C0-9067-F30E2148CF95}.D_Web|Any CPU.Build.0 = Debug|Any CPU
		{2CEFA9B1-9D6E-47C0-9067-F30E2148CF95}.Debug|Any CPU.ActiveCfg = Debug|Any CPU
		{2CEFA9B1-9D6E-47C0-9067-F30E2148CF95}.Debug|Any CPU.Build.0 = Debug|Any CPU
		{2CEFA9B1-9D6E-47C0-9067-F30E2148CF95}.Release|Any CPU.ActiveCfg = Release|Any CPU
		{2CEFA9B1-9D6E-47C0-9067-F30E2148CF95}.Release|Any CPU.Build.0 = Release|Any CPU
		{03E2413D-EC73-44F1-A0D3-366C3892700A}.D_UIA_Standard|Any CPU.ActiveCfg = Debug|Any CPU
		{03E2413D-EC73-44F1-A0D3-366C3892700A}.D_UIA_Standard|Any CPU.Build.0 = Debug|Any CPU
		{03E2413D-EC73-44F1-A0D3-366C3892700A}.D_Web|Any CPU.ActiveCfg = Debug|Any CPU
		{03E2413D-EC73-44F1-A0D3-366C3892700A}.D_Web|Any CPU.Build.0 = Debug|Any CPU
		{03E2413D-EC73-44F1-A0D3-366C3892700A}.Debug|Any CPU.ActiveCfg = Debug|Any CPU
		{03E2413D-EC73-44F1-A0D3-366C3892700A}.Debug|Any CPU.Build.0 = Debug|Any CPU
		{03E2413D-EC73-44F1-A0D3-366C3892700A}.Release|Any CPU.ActiveCfg = Release|Any CPU
		{03E2413D-EC73-44F1-A0D3-366C3892700A}.Release|Any CPU.Build.0 = Release|Any CPU
		{C13C7DFE-3BDF-456E-8B7B-01AD483D7396}.D_UIA_Standard|Any CPU.ActiveCfg = Debug|Any CPU
		{C13C7DFE-3BDF-456E-8B7B-01AD483D7396}.D_UIA_Standard|Any CPU.Build.0 = Debug|Any CPU
		{C13C7DFE-3BDF-456E-8B7B-01AD483D7396}.D_Web|Any CPU.ActiveCfg = Debug|Any CPU
		{C13C7DFE-3BDF-456E-8B7B-01AD483D7396}.D_Web|Any CPU.Build.0 = Debug|Any CPU
		{C13C7DFE-3BDF-456E-8B7B-01AD483D7396}.Debug|Any CPU.ActiveCfg = Debug|Any CPU
		{C13C7DFE-3BDF-456E-8B7B-01AD483D7396}.Debug|Any CPU.Build.0 = Debug|Any CPU
		{C13C7DFE-3BDF-456E-8B7B-01AD483D7396}.Release|Any CPU.ActiveCfg = Release|Any CPU
		{C13C7DFE-3BDF-456E-8B7B-01AD483D7396}.Release|Any CPU.Build.0 = Release|Any CPU
		{DF5E92A5-B32F-41AE-B880-14069D4FE7F4}.D_UIA_Standard|Any CPU.ActiveCfg = Debug|Any CPU
		{DF5E92A5-B32F-41AE-B880-14069D4FE7F4}.D_UIA_Standard|Any CPU.Build.0 = Debug|Any CPU
		{DF5E92A5-B32F-41AE-B880-14069D4FE7F4}.D_Web|Any CPU.ActiveCfg = Debug|Any CPU
		{DF5E92A5-B32F-41AE-B880-14069D4FE7F4}.D_Web|Any CPU.Build.0 = Debug|Any CPU
		{DF5E92A5-B32F-41AE-B880-14069D4FE7F4}.Debug|Any CPU.ActiveCfg = Debug|Any CPU
		{DF5E92A5-B32F-41AE-B880-14069D4FE7F4}.Debug|Any CPU.Build.0 = Debug|Any CPU
		{DF5E92A5-B32F-41AE-B880-14069D4FE7F4}.Release|Any CPU.ActiveCfg = Release|Any CPU
		{DF5E92A5-B32F-41AE-B880-14069D4FE7F4}.Release|Any CPU.Build.0 = Release|Any CPU
		{7A57E885-049B-4145-A446-44245A8DF483}.D_UIA_Standard|Any CPU.ActiveCfg = Debug|Any CPU
		{7A57E885-049B-4145-A446-44245A8DF483}.D_UIA_Standard|Any CPU.Build.0 = Debug|Any CPU
		{7A57E885-049B-4145-A446-44245A8DF483}.D_Web|Any CPU.ActiveCfg = Debug|Any CPU
		{7A57E885-049B-4145-A446-44245A8DF483}.D_Web|Any CPU.Build.0 = Debug|Any CPU
		{7A57E885-049B-4145-A446-44245A8DF483}.Debug|Any CPU.ActiveCfg = Debug|Any CPU
		{7A57E885-049B-4145-A446-44245A8DF483}.Debug|Any CPU.Build.0 = Debug|Any CPU
		{7A57E885-049B-4145-A446-44245A8DF483}.Release|Any CPU.ActiveCfg = Release|Any CPU
		{7A57E885-049B-4145-A446-44245A8DF483}.Release|Any CPU.Build.0 = Release|Any CPU
		{BE8C3CD6-F314-453D-A0ED-FCFEC0DEADBC}.D_UIA_Standard|Any CPU.ActiveCfg = Debug|Any CPU
		{BE8C3CD6-F314-453D-A0ED-FCFEC0DEADBC}.D_UIA_Standard|Any CPU.Build.0 = Debug|Any CPU
		{BE8C3CD6-F314-453D-A0ED-FCFEC0DEADBC}.D_Web|Any CPU.ActiveCfg = Debug|Any CPU
		{BE8C3CD6-F314-453D-A0ED-FCFEC0DEADBC}.D_Web|Any CPU.Build.0 = Debug|Any CPU
		{BE8C3CD6-F314-453D-A0ED-FCFEC0DEADBC}.Debug|Any CPU.ActiveCfg = Debug|Any CPU
		{BE8C3CD6-F314-453D-A0ED-FCFEC0DEADBC}.Debug|Any CPU.Build.0 = Debug|Any CPU
		{BE8C3CD6-F314-453D-A0ED-FCFEC0DEADBC}.Release|Any CPU.ActiveCfg = Release|Any CPU
		{BE8C3CD6-F314-453D-A0ED-FCFEC0DEADBC}.Release|Any CPU.Build.0 = Release|Any CPU
		{CC48969B-892D-4C4C-9296-86CB25EF50A3}.D_UIA_Standard|Any CPU.ActiveCfg = Debug|Any CPU
		{CC48969B-892D-4C4C-9296-86CB25EF50A3}.D_UIA_Standard|Any CPU.Build.0 = Debug|Any CPU
		{CC48969B-892D-4C4C-9296-86CB25EF50A3}.D_Web|Any CPU.ActiveCfg = Debug|Any CPU
		{CC48969B-892D-4C4C-9296-86CB25EF50A3}.D_Web|Any CPU.Build.0 = Debug|Any CPU
		{CC48969B-892D-4C4C-9296-86CB25EF50A3}.Debug|Any CPU.ActiveCfg = Debug|Any CPU
		{CC48969B-892D-4C4C-9296-86CB25EF50A3}.Debug|Any CPU.Build.0 = Debug|Any CPU
		{CC48969B-892D-4C4C-9296-86CB25EF50A3}.Release|Any CPU.ActiveCfg = Release|Any CPU
		{CC48969B-892D-4C4C-9296-86CB25EF50A3}.Release|Any CPU.Build.0 = Release|Any CPU
		{E11072FD-EF61-4373-8A1B-F7B642C0359C}.D_UIA_Standard|Any CPU.ActiveCfg = Debug|Any CPU
		{E11072FD-EF61-4373-8A1B-F7B642C0359C}.D_UIA_Standard|Any CPU.Build.0 = Debug|Any CPU
		{E11072FD-EF61-4373-8A1B-F7B642C0359C}.D_Web|Any CPU.ActiveCfg = Debug|Any CPU
		{E11072FD-EF61-4373-8A1B-F7B642C0359C}.D_Web|Any CPU.Build.0 = Debug|Any CPU
		{E11072FD-EF61-4373-8A1B-F7B642C0359C}.Debug|Any CPU.ActiveCfg = Debug|Any CPU
		{E11072FD-EF61-4373-8A1B-F7B642C0359C}.Debug|Any CPU.Build.0 = Debug|Any CPU
		{E11072FD-EF61-4373-8A1B-F7B642C0359C}.Release|Any CPU.ActiveCfg = Release|Any CPU
		{E11072FD-EF61-4373-8A1B-F7B642C0359C}.Release|Any CPU.Build.0 = Release|Any CPU
		{F0533889-BE2C-4A21-90B0-26765833270E}.D_UIA_Standard|Any CPU.ActiveCfg = Debug|Any CPU
		{F0533889-BE2C-4A21-90B0-26765833270E}.D_UIA_Standard|Any CPU.Build.0 = Debug|Any CPU
		{F0533889-BE2C-4A21-90B0-26765833270E}.D_Web|Any CPU.ActiveCfg = Debug|Any CPU
		{F0533889-BE2C-4A21-90B0-26765833270E}.D_Web|Any CPU.Build.0 = Debug|Any CPU
		{F0533889-BE2C-4A21-90B0-26765833270E}.Debug|Any CPU.ActiveCfg = Debug|Any CPU
		{F0533889-BE2C-4A21-90B0-26765833270E}.Debug|Any CPU.Build.0 = Debug|Any CPU
		{F0533889-BE2C-4A21-90B0-26765833270E}.Release|Any CPU.ActiveCfg = Release|Any CPU
		{F0533889-BE2C-4A21-90B0-26765833270E}.Release|Any CPU.Build.0 = Release|Any CPU
		{0B6DF92B-0248-422D-A9C2-1604D4CB7BC9}.D_UIA_Standard|Any CPU.ActiveCfg = Debug|Any CPU
		{0B6DF92B-0248-422D-A9C2-1604D4CB7BC9}.D_UIA_Standard|Any CPU.Build.0 = Debug|Any CPU
		{0B6DF92B-0248-422D-A9C2-1604D4CB7BC9}.D_Web|Any CPU.ActiveCfg = Debug|Any CPU
		{0B6DF92B-0248-422D-A9C2-1604D4CB7BC9}.D_Web|Any CPU.Build.0 = Debug|Any CPU
		{0B6DF92B-0248-422D-A9C2-1604D4CB7BC9}.Debug|Any CPU.ActiveCfg = Debug|Any CPU
		{0B6DF92B-0248-422D-A9C2-1604D4CB7BC9}.Debug|Any CPU.Build.0 = Debug|Any CPU
		{0B6DF92B-0248-422D-A9C2-1604D4CB7BC9}.Release|Any CPU.ActiveCfg = Release|Any CPU
		{0B6DF92B-0248-422D-A9C2-1604D4CB7BC9}.Release|Any CPU.Build.0 = Release|Any CPU
		{6A13F732-1658-4636-8113-338B398CF328}.D_UIA_Standard|Any CPU.ActiveCfg = Debug|Any CPU
		{6A13F732-1658-4636-8113-338B398CF328}.D_UIA_Standard|Any CPU.Build.0 = Debug|Any CPU
		{6A13F732-1658-4636-8113-338B398CF328}.D_Web|Any CPU.ActiveCfg = Debug|Any CPU
		{6A13F732-1658-4636-8113-338B398CF328}.D_Web|Any CPU.Build.0 = Debug|Any CPU
		{6A13F732-1658-4636-8113-338B398CF328}.Debug|Any CPU.ActiveCfg = Debug|Any CPU
		{6A13F732-1658-4636-8113-338B398CF328}.Debug|Any CPU.Build.0 = Debug|Any CPU
		{6A13F732-1658-4636-8113-338B398CF328}.Release|Any CPU.ActiveCfg = Release|Any CPU
		{6A13F732-1658-4636-8113-338B398CF328}.Release|Any CPU.Build.0 = Release|Any CPU
		{4D6467E4-D1CE-4FA8-A1FE-92B1BA549A4A}.D_UIA_Standard|Any CPU.ActiveCfg = Debug|Any CPU
		{4D6467E4-D1CE-4FA8-A1FE-92B1BA549A4A}.D_UIA_Standard|Any CPU.Build.0 = Debug|Any CPU
		{4D6467E4-D1CE-4FA8-A1FE-92B1BA549A4A}.D_Web|Any CPU.ActiveCfg = Debug|Any CPU
		{4D6467E4-D1CE-4FA8-A1FE-92B1BA549A4A}.D_Web|Any CPU.Build.0 = Debug|Any CPU
		{4D6467E4-D1CE-4FA8-A1FE-92B1BA549A4A}.Debug|Any CPU.ActiveCfg = Debug|Any CPU
		{4D6467E4-D1CE-4FA8-A1FE-92B1BA549A4A}.Debug|Any CPU.Build.0 = Debug|Any CPU
		{4D6467E4-D1CE-4FA8-A1FE-92B1BA549A4A}.Release|Any CPU.ActiveCfg = Release|Any CPU
		{4D6467E4-D1CE-4FA8-A1FE-92B1BA549A4A}.Release|Any CPU.Build.0 = Release|Any CPU
		{9FF37989-33E7-4D67-8E81-0A443EAEE510}.D_UIA_Standard|Any CPU.ActiveCfg = Debug|Any CPU
		{9FF37989-33E7-4D67-8E81-0A443EAEE510}.D_UIA_Standard|Any CPU.Build.0 = Debug|Any CPU
		{9FF37989-33E7-4D67-8E81-0A443EAEE510}.D_Web|Any CPU.ActiveCfg = Debug|Any CPU
		{9FF37989-33E7-4D67-8E81-0A443EAEE510}.D_Web|Any CPU.Build.0 = Debug|Any CPU
		{9FF37989-33E7-4D67-8E81-0A443EAEE510}.Debug|Any CPU.ActiveCfg = Debug|Any CPU
		{9FF37989-33E7-4D67-8E81-0A443EAEE510}.Debug|Any CPU.Build.0 = Debug|Any CPU
		{9FF37989-33E7-4D67-8E81-0A443EAEE510}.Release|Any CPU.ActiveCfg = Release|Any CPU
		{9FF37989-33E7-4D67-8E81-0A443EAEE510}.Release|Any CPU.Build.0 = Release|Any CPU
		{143FEBB0-B41C-4E47-9325-F656CCED2FA6}.D_UIA_Standard|Any CPU.ActiveCfg = Debug|Any CPU
		{143FEBB0-B41C-4E47-9325-F656CCED2FA6}.D_UIA_Standard|Any CPU.Build.0 = Debug|Any CPU
		{143FEBB0-B41C-4E47-9325-F656CCED2FA6}.D_Web|Any CPU.ActiveCfg = Debug|Any CPU
		{143FEBB0-B41C-4E47-9325-F656CCED2FA6}.D_Web|Any CPU.Build.0 = Debug|Any CPU
		{143FEBB0-B41C-4E47-9325-F656CCED2FA6}.Debug|Any CPU.ActiveCfg = Debug|Any CPU
		{143FEBB0-B41C-4E47-9325-F656CCED2FA6}.Debug|Any CPU.Build.0 = Debug|Any CPU
		{143FEBB0-B41C-4E47-9325-F656CCED2FA6}.Release|Any CPU.ActiveCfg = Release|Any CPU
		{143FEBB0-B41C-4E47-9325-F656CCED2FA6}.Release|Any CPU.Build.0 = Release|Any CPU
		{8F910D0F-0A51-417C-97E9-203C30FDA006}.D_UIA_Standard|Any CPU.ActiveCfg = Debug|Any CPU
		{8F910D0F-0A51-417C-97E9-203C30FDA006}.D_UIA_Standard|Any CPU.Build.0 = Debug|Any CPU
		{8F910D0F-0A51-417C-97E9-203C30FDA006}.D_Web|Any CPU.ActiveCfg = Debug|Any CPU
		{8F910D0F-0A51-417C-97E9-203C30FDA006}.D_Web|Any CPU.Build.0 = Debug|Any CPU
		{8F910D0F-0A51-417C-97E9-203C30FDA006}.Debug|Any CPU.ActiveCfg = Debug|Any CPU
		{8F910D0F-0A51-417C-97E9-203C30FDA006}.Debug|Any CPU.Build.0 = Debug|Any CPU
		{8F910D0F-0A51-417C-97E9-203C30FDA006}.Release|Any CPU.ActiveCfg = Release|Any CPU
		{8F910D0F-0A51-417C-97E9-203C30FDA006}.Release|Any CPU.Build.0 = Release|Any CPU
		{9E62ED52-63DF-4AFB-BCF5-09B8134D7C52}.D_UIA_Standard|Any CPU.ActiveCfg = Debug|Any CPU
		{9E62ED52-63DF-4AFB-BCF5-09B8134D7C52}.D_UIA_Standard|Any CPU.Build.0 = Debug|Any CPU
		{9E62ED52-63DF-4AFB-BCF5-09B8134D7C52}.D_Web|Any CPU.ActiveCfg = Debug|Any CPU
		{9E62ED52-63DF-4AFB-BCF5-09B8134D7C52}.D_Web|Any CPU.Build.0 = Debug|Any CPU
		{9E62ED52-63DF-4AFB-BCF5-09B8134D7C52}.Debug|Any CPU.ActiveCfg = Debug|Any CPU
		{9E62ED52-63DF-4AFB-BCF5-09B8134D7C52}.Debug|Any CPU.Build.0 = Debug|Any CPU
		{9E62ED52-63DF-4AFB-BCF5-09B8134D7C52}.Release|Any CPU.ActiveCfg = Release|Any CPU
		{9E62ED52-63DF-4AFB-BCF5-09B8134D7C52}.Release|Any CPU.Build.0 = Release|Any CPU
		{708150C2-4B78-4F02-A8E9-3338CC76F69C}.D_UIA_Standard|Any CPU.ActiveCfg = Debug|Any CPU
		{708150C2-4B78-4F02-A8E9-3338CC76F69C}.D_UIA_Standard|Any CPU.Build.0 = Debug|Any CPU
		{708150C2-4B78-4F02-A8E9-3338CC76F69C}.D_Web|Any CPU.ActiveCfg = Debug|Any CPU
		{708150C2-4B78-4F02-A8E9-3338CC76F69C}.D_Web|Any CPU.Build.0 = Debug|Any CPU
		{708150C2-4B78-4F02-A8E9-3338CC76F69C}.Debug|Any CPU.ActiveCfg = Debug|Any CPU
		{708150C2-4B78-4F02-A8E9-3338CC76F69C}.Debug|Any CPU.Build.0 = Debug|Any CPU
		{708150C2-4B78-4F02-A8E9-3338CC76F69C}.Release|Any CPU.ActiveCfg = Release|Any CPU
		{708150C2-4B78-4F02-A8E9-3338CC76F69C}.Release|Any CPU.Build.0 = Release|Any CPU
		{E54CD6BC-727E-4D97-810D-6BB83A64A23F}.D_UIA_Standard|Any CPU.ActiveCfg = Debug|Any CPU
		{E54CD6BC-727E-4D97-810D-6BB83A64A23F}.D_UIA_Standard|Any CPU.Build.0 = Debug|Any CPU
		{E54CD6BC-727E-4D97-810D-6BB83A64A23F}.D_Web|Any CPU.ActiveCfg = Debug|Any CPU
		{E54CD6BC-727E-4D97-810D-6BB83A64A23F}.D_Web|Any CPU.Build.0 = Debug|Any CPU
		{E54CD6BC-727E-4D97-810D-6BB83A64A23F}.Debug|Any CPU.ActiveCfg = Debug|Any CPU
		{E54CD6BC-727E-4D97-810D-6BB83A64A23F}.Debug|Any CPU.Build.0 = Debug|Any CPU
		{E54CD6BC-727E-4D97-810D-6BB83A64A23F}.Release|Any CPU.ActiveCfg = Release|Any CPU
		{E54CD6BC-727E-4D97-810D-6BB83A64A23F}.Release|Any CPU.Build.0 = Release|Any CPU
		{609216EB-20AF-48C2-90C3-514CF588A062}.D_UIA_Standard|Any CPU.ActiveCfg = Debug|Any CPU
		{609216EB-20AF-48C2-90C3-514CF588A062}.D_UIA_Standard|Any CPU.Build.0 = Debug|Any CPU
		{609216EB-20AF-48C2-90C3-514CF588A062}.D_Web|Any CPU.ActiveCfg = Debug|Any CPU
		{609216EB-20AF-48C2-90C3-514CF588A062}.D_Web|Any CPU.Build.0 = Debug|Any CPU
		{609216EB-20AF-48C2-90C3-514CF588A062}.Debug|Any CPU.ActiveCfg = Debug|Any CPU
		{609216EB-20AF-48C2-90C3-514CF588A062}.Debug|Any CPU.Build.0 = Debug|Any CPU
		{609216EB-20AF-48C2-90C3-514CF588A062}.Release|Any CPU.ActiveCfg = Release|Any CPU
		{609216EB-20AF-48C2-90C3-514CF588A062}.Release|Any CPU.Build.0 = Release|Any CPU
		{7750612E-AB7E-4A98-86E1-FF6E4D9D7C54}.D_UIA_Standard|Any CPU.ActiveCfg = Debug|Any CPU
		{7750612E-AB7E-4A98-86E1-FF6E4D9D7C54}.D_UIA_Standard|Any CPU.Build.0 = Debug|Any CPU
		{7750612E-AB7E-4A98-86E1-FF6E4D9D7C54}.D_Web|Any CPU.ActiveCfg = Debug|Any CPU
		{7750612E-AB7E-4A98-86E1-FF6E4D9D7C54}.D_Web|Any CPU.Build.0 = Debug|Any CPU
		{7750612E-AB7E-4A98-86E1-FF6E4D9D7C54}.Debug|Any CPU.ActiveCfg = Debug|Any CPU
		{7750612E-AB7E-4A98-86E1-FF6E4D9D7C54}.Debug|Any CPU.Build.0 = Debug|Any CPU
		{7750612E-AB7E-4A98-86E1-FF6E4D9D7C54}.Release|Any CPU.ActiveCfg = Release|Any CPU
		{7750612E-AB7E-4A98-86E1-FF6E4D9D7C54}.Release|Any CPU.Build.0 = Release|Any CPU
		{95CB6F76-3D35-4F2E-BF2A-A45EC41C76B4}.D_UIA_Standard|Any CPU.ActiveCfg = Debug|Any CPU
		{95CB6F76-3D35-4F2E-BF2A-A45EC41C76B4}.D_UIA_Standard|Any CPU.Build.0 = Debug|Any CPU
		{95CB6F76-3D35-4F2E-BF2A-A45EC41C76B4}.D_Web|Any CPU.ActiveCfg = Debug|Any CPU
		{95CB6F76-3D35-4F2E-BF2A-A45EC41C76B4}.D_Web|Any CPU.Build.0 = Debug|Any CPU
		{95CB6F76-3D35-4F2E-BF2A-A45EC41C76B4}.Debug|Any CPU.ActiveCfg = Debug|Any CPU
		{95CB6F76-3D35-4F2E-BF2A-A45EC41C76B4}.Debug|Any CPU.Build.0 = Debug|Any CPU
		{95CB6F76-3D35-4F2E-BF2A-A45EC41C76B4}.Release|Any CPU.ActiveCfg = Release|Any CPU
		{95CB6F76-3D35-4F2E-BF2A-A45EC41C76B4}.Release|Any CPU.Build.0 = Release|Any CPU
	EndGlobalSection
	GlobalSection(SolutionProperties) = preSolution
		HideSolutionNode = FALSE
	EndGlobalSection
	GlobalSection(NestedProjects) = preSolution
		{88EAF8AF-E139-4254-9BDF-5DB3F48C12B2} = {96BE2240-F243-41C6-B050-CDD83504633B}
		{E89C0D0B-94BF-422A-9575-284839572211} = {96BE2240-F243-41C6-B050-CDD83504633B}
		{A9CBF9E8-4250-4282-8C3C-658DFD9B4084} = {96BE2240-F243-41C6-B050-CDD83504633B}
		{B10C4945-E560-4C2D-80D1-F849899302E4} = {69E705F1-D47A-4E70-A08C-B4301DD8F6F2}
		{0BC3A639-82DB-489E-880C-A8A504C1DAAC} = {69E705F1-D47A-4E70-A08C-B4301DD8F6F2}
		{8EA20BE2-38C2-4A7E-B9BF-84CAFEA632B3} = {09769B96-A913-4654-9B5B-C4FB46CCDC4C}
		{002B7A81-10D5-4B50-9878-0FCBD8E66CC5} = {B10C4945-E560-4C2D-80D1-F849899302E4}
		{621953C1-D6E5-4E67-9755-484FBA498F39} = {EEC610ED-8A05-47BA-AF25-78CD4EAA2BAF}
		{AB601A10-BB0E-4176-B074-DB7194EFD3C7} = {EEC610ED-8A05-47BA-AF25-78CD4EAA2BAF}
		{62D3A1DE-2A85-4ACD-B353-42C6A1D056E6} = {EEC610ED-8A05-47BA-AF25-78CD4EAA2BAF}
		{1E609049-148F-4954-97CE-810A78A9036D} = {EE01A744-1379-4CDE-93EE-90AD8A9B91AC}
		{D0BC7AF8-A7A7-449D-8010-A2128C5C579F} = {B10C4945-E560-4C2D-80D1-F849899302E4}
		{09769B96-A913-4654-9B5B-C4FB46CCDC4C} = {409E3E18-DF54-4269-B76E-81EFA18037A0}
		{82B13357-E5D5-475A-8103-27BD1E20D90F} = {69E705F1-D47A-4E70-A08C-B4301DD8F6F2}
		{EEC610ED-8A05-47BA-AF25-78CD4EAA2BAF} = {DC52A572-512A-4D70-81C0-F0EF8B6FFC85}
		{1D2022E1-44A9-4786-8B2E-927CD18CBB67} = {DC52A572-512A-4D70-81C0-F0EF8B6FFC85}
		{7D317F92-6904-459E-A03C-EC4B44BB73B0} = {DC52A572-512A-4D70-81C0-F0EF8B6FFC85}
		{84399E4E-CC81-4B1F-9953-586B25B29792} = {E89C0D0B-94BF-422A-9575-284839572211}
		{9AA27D8B-8F77-403B-99D0-51EB0CE01AC6} = {EE01A744-1379-4CDE-93EE-90AD8A9B91AC}
		{22A24653-E4A5-48E2-B9C7-A1B24DACECF3} = {88EAF8AF-E139-4254-9BDF-5DB3F48C12B2}
		{9D2CDAC7-CAED-4874-BCAF-3D160B26C48B} = {A9CBF9E8-4250-4282-8C3C-658DFD9B4084}
		{FF2C86C5-115B-4639-B0AC-7A4851509DCC} = {82B13357-E5D5-475A-8103-27BD1E20D90F}
		{BBC530FC-0B10-4DA9-9360-FFF250415EB5} = {D0BC7AF8-A7A7-449D-8010-A2128C5C579F}
		{03D5A267-C106-42A9-8959-93D7AE3648DD} = {AB601A10-BB0E-4176-B074-DB7194EFD3C7}
		{D226414C-37F6-4618-8B91-7E80E7D2C42E} = {1E609049-148F-4954-97CE-810A78A9036D}
		{A2F2F4E8-A6EC-4856-A1DA-BD4EB783041D} = {EEC610ED-8A05-47BA-AF25-78CD4EAA2BAF}
		{257BF7C4-07DE-4E76-B2E2-443E2200B1E0} = {82B13357-E5D5-475A-8103-27BD1E20D90F}
		{547364FE-CCBF-4F72-9B72-F7BB272B0988} = {AB601A10-BB0E-4176-B074-DB7194EFD3C7}
		{70AB9A4D-27E0-4F3C-9A7D-1A33F0FA4E73} = {002B7A81-10D5-4B50-9878-0FCBD8E66CC5}
		{D203FEBF-05A8-4711-8AD2-A27592A04C57} = {D0BC7AF8-A7A7-449D-8010-A2128C5C579F}
		{981E2082-072B-4A9E-9646-26C971F06D03} = {EEC610ED-8A05-47BA-AF25-78CD4EAA2BAF}
		{367AD72F-6AD4-4D3E-9EE9-05B0AE71643C} = {82B13357-E5D5-475A-8103-27BD1E20D90F}
		{9107E3A0-E18A-49B5-A214-DACCD5FE8723} = {E89C0D0B-94BF-422A-9575-284839572211}
		{2510CABD-152A-402E-87F9-5B50173861C7} = {62D3A1DE-2A85-4ACD-B353-42C6A1D056E6}
		{FCECE939-5A33-44BA-B0FB-799D8EFCA7BF} = {8EA20BE2-38C2-4A7E-B9BF-84CAFEA632B3}
		{DA42D343-0E0B-4FC4-A698-90C041A57444} = {8EA20BE2-38C2-4A7E-B9BF-84CAFEA632B3}
		{C5C7E328-3C7C-4C93-AA83-338BCBB3DA50} = {8EA20BE2-38C2-4A7E-B9BF-84CAFEA632B3}
		{13713B6B-E00D-4B7E-A3C2-67988699EA85} = {621953C1-D6E5-4E67-9755-484FBA498F39}
		{B10AFEDA-3905-4A84-B8DF-B557B48040E3} = {09769B96-A913-4654-9B5B-C4FB46CCDC4C}
		{27C8A770-42FE-4BB4-9C2A-63A2DF354958} = {8EA20BE2-38C2-4A7E-B9BF-84CAFEA632B3}
		{50706521-F843-4C7D-9B27-5197B4088F3D} = {09769B96-A913-4654-9B5B-C4FB46CCDC4C}
		{B3673A48-EF4C-47BC-9450-20D278F16558} = {409E3E18-DF54-4269-B76E-81EFA18037A0}
		{DF358672-DBA8-4ACF-84DF-AD61E8AB811E} = {AB601A10-BB0E-4176-B074-DB7194EFD3C7}
		{15ABC304-2DD3-4302-9C44-E75F86DD2FA5} = {621953C1-D6E5-4E67-9755-484FBA498F39}
		{1370C33E-858C-4A32-9D66-4CE324674E3C} = {621953C1-D6E5-4E67-9755-484FBA498F39}
		{FD7EC4C3-22E0-4A20-A05B-BB4557AAA2C2} = {002B7A81-10D5-4B50-9878-0FCBD8E66CC5}
		{5A18D090-AF63-4A3A-B377-24021518962C} = {002B7A81-10D5-4B50-9878-0FCBD8E66CC5}
		{C0AB2E3B-408B-4AF9-84DC-C67B4A19A699} = {62D3A1DE-2A85-4ACD-B353-42C6A1D056E6}
		{F1E214F9-7C72-4C52-B262-A41CE23A3993} = {1E609049-148F-4954-97CE-810A78A9036D}
		{2CEFA9B1-9D6E-47C0-9067-F30E2148CF95} = {EE01A744-1379-4CDE-93EE-90AD8A9B91AC}
		{03E2413D-EC73-44F1-A0D3-366C3892700A} = {1E609049-148F-4954-97CE-810A78A9036D}
		{C13C7DFE-3BDF-456E-8B7B-01AD483D7396} = {1E609049-148F-4954-97CE-810A78A9036D}
		{DF5E92A5-B32F-41AE-B880-14069D4FE7F4} = {1E609049-148F-4954-97CE-810A78A9036D}
		{7A57E885-049B-4145-A446-44245A8DF483} = {EE01A744-1379-4CDE-93EE-90AD8A9B91AC}
		{BE8C3CD6-F314-453D-A0ED-FCFEC0DEADBC} = {DC52A572-512A-4D70-81C0-F0EF8B6FFC85}
		{CC48969B-892D-4C4C-9296-86CB25EF50A3} = {B10C4945-E560-4C2D-80D1-F849899302E4}
		{E11072FD-EF61-4373-8A1B-F7B642C0359C} = {B10C4945-E560-4C2D-80D1-F849899302E4}
		{F0533889-BE2C-4A21-90B0-26765833270E} = {DC52A572-512A-4D70-81C0-F0EF8B6FFC85}
		{0B6DF92B-0248-422D-A9C2-1604D4CB7BC9} = {DC52A572-512A-4D70-81C0-F0EF8B6FFC85}
		{6A13F732-1658-4636-8113-338B398CF328} = {DC52A572-512A-4D70-81C0-F0EF8B6FFC85}
		{4D6467E4-D1CE-4FA8-A1FE-92B1BA549A4A} = {DC52A572-512A-4D70-81C0-F0EF8B6FFC85}
		{9FF37989-33E7-4D67-8E81-0A443EAEE510} = {DC52A572-512A-4D70-81C0-F0EF8B6FFC85}
		{143FEBB0-B41C-4E47-9325-F656CCED2FA6} = {DC52A572-512A-4D70-81C0-F0EF8B6FFC85}
		{8F910D0F-0A51-417C-97E9-203C30FDA006} = {1D2022E1-44A9-4786-8B2E-927CD18CBB67}
		{9E62ED52-63DF-4AFB-BCF5-09B8134D7C52} = {1D2022E1-44A9-4786-8B2E-927CD18CBB67}
		{708150C2-4B78-4F02-A8E9-3338CC76F69C} = {7D317F92-6904-459E-A03C-EC4B44BB73B0}
		{E54CD6BC-727E-4D97-810D-6BB83A64A23F} = {7D317F92-6904-459E-A03C-EC4B44BB73B0}
		{609216EB-20AF-48C2-90C3-514CF588A062} = {7D317F92-6904-459E-A03C-EC4B44BB73B0}
		{7750612E-AB7E-4A98-86E1-FF6E4D9D7C54} = {7D317F92-6904-459E-A03C-EC4B44BB73B0}
		{95CB6F76-3D35-4F2E-BF2A-A45EC41C76B4} = {DC52A572-512A-4D70-81C0-F0EF8B6FFC85}
	EndGlobalSection
	GlobalSection(ExtensibilityGlobals) = postSolution
		SolutionGuid = {58A1DF97-D895-4438-951B-453C1368ADF4}
	EndGlobalSection
	GlobalSection(TestCaseManagementSettings) = postSolution
		CategoryFile = GIX4_ExpressApp.vsmdi
	EndGlobalSection
EndGlobal
