Microsoft Visual Studio Solution File, Format Version 11.00
# Visual Studio 2010
Project("{2150E333-8FDC-42A3-9474-1A3956D46DE8}") = "OEA", "OEA", "{96BE2240-F243-41C6-B050-CDD83504633B}"
EndProject
Project("{FAE04EC0-301F-11D3-BF4B-00C04F79EFBC}") = "OEA.Module.WPF", "OEA\WPF\OEA.Module.WPF\OEA.Module.WPF.csproj", "{84399E4E-CC81-4B1F-9953-586B25B29792}"
EndProject
Project("{FAE04EC0-301F-11D3-BF4B-00C04F79EFBC}") = "OEA.Module", "OEA\WPF\OEA.Module\OEA.Module.csproj", "{786446BE-FB56-4281-9CA2-D5B699B0B388}"
EndProject
Project("{FAE04EC0-301F-11D3-BF4B-00C04F79EFBC}") = "OEA.Library", "OEA\OEA.Library\OEA.Library.csproj", "{9F8BB429-70DE-449A-8A67-5190191E7EE6}"
EndProject
Project("{FAE04EC0-301F-11D3-BF4B-00C04F79EFBC}") = "OEAUnitTest", "OEA\OEAUnitTest\OEAUnitTest.csproj", "{9AA27D8B-8F77-403B-99D0-51EB0CE01AC6}"
EndProject
Project("{FAE04EC0-301F-11D3-BF4B-00C04F79EFBC}") = "ManagedProperty", "OEA\ManagedProperty\ManagedProperty.csproj", "{66BE29D5-F1CA-4941-A4EB-6B3E8F577166}"
EndProject
Project("{2150E333-8FDC-42A3-9474-1A3956D46DE8}") = "Web", "Web", "{88EAF8AF-E139-4254-9BDF-5DB3F48C12B2}"
EndProject
Project("{2150E333-8FDC-42A3-9474-1A3956D46DE8}") = "WPF", "WPF", "{E89C0D0B-94BF-422A-9575-284839572211}"
EndProject
Project("{FAE04EC0-301F-11D3-BF4B-00C04F79EFBC}") = "OEA", "OEA\OEA\OEA.csproj", "{966A5BF2-D690-426B-AD68-AD868BB8F855}"
EndProject
Project("{FAE04EC0-301F-11D3-BF4B-00C04F79EFBC}") = "OEA.Web", "OEA\Web\OEA.Web\OEA.Web.csproj", "{22A24653-E4A5-48E2-B9C7-A1B24DACECF3}"
EndProject
Project("{2150E333-8FDC-42A3-9474-1A3956D46DE8}") = "UIA", "UIA", "{A9CBF9E8-4250-4282-8C3C-658DFD9B4084}"
EndProject
Project("{FAE04EC0-301F-11D3-BF4B-00C04F79EFBC}") = "OEA.UIA", "OEA\UIA\OEA.UIA\OEA.UIA.csproj", "{9D2CDAC7-CAED-4874-BCAF-3D160B26C48B}"
EndProject
Project("{FAE04EC0-301F-11D3-BF4B-00C04F79EFBC}") = "DbMigration", "OEA\DbMigration\DbMigration.csproj", "{D7C4F80D-24A4-47F1-985C-CFA55CFA13E9}"
EndProject
Project("{FAE04EC0-301F-11D3-BF4B-00C04F79EFBC}") = "Common", "OEA\Common\Common.csproj", "{796B149B-32C9-4BB0-A23F-69C012450DB8}"
EndProject
Project("{FAE04EC0-301F-11D3-BF4B-00C04F79EFBC}") = "Web", "Web\Web.csproj", "{FF2C86C5-115B-4639-B0AC-7A4851509DCC}"
EndProject
Project("{FAE04EC0-301F-11D3-BF4B-00C04F79EFBC}") = "OEA.Web.Meta", "OEA\Web\OEA.Web.Meta\OEA.Web.Meta.csproj", "{2AECFBB6-34AC-41A6-AB8C-F52A3F68BA1A}"
EndProject
Project("{FAE04EC0-301F-11D3-BF4B-00C04F79EFBC}") = "Demo", "Demo\Demo.csproj", "{BBC530FC-0B10-4DA9-9360-FFF250415EB5}"
EndProject
Project("{2150E333-8FDC-42A3-9474-1A3956D46DE8}") = "Plugins", "Plugins", "{DC52A572-512A-4D70-81C0-F0EF8B6FFC85}"
EndProject
Project("{FAE04EC0-301F-11D3-BF4B-00C04F79EFBC}") = "OEA.RBAC", "OEA\Plugins\OEA.RBAC\OEA.RBAC.csproj", "{03D5A267-C106-42A9-8959-93D7AE3648DD}"
EndProject
Project("{FAE04EC0-301F-11D3-BF4B-00C04F79EFBC}") = "OEA.UnitTest", "OEA\Plugins\OEA.UnitTest\OEA.UnitTest.csproj", "{D226414C-37F6-4618-8B91-7E80E7D2C42E}"
EndProject
Project("{FAE04EC0-301F-11D3-BF4B-00C04F79EFBC}") = "OEA.DiskCaching", "OEA\Plugins\OEA.DiskCaching\OEA.DiskCaching.csproj", "{A2F2F4E8-A6EC-4856-A1DA-BD4EB783041D}"
EndProject
Project("{FAE04EC0-301F-11D3-BF4B-00C04F79EFBC}") = "WPFClient", "WPFClient\WPFClient.csproj", "{257BF7C4-07DE-4E76-B2E2-443E2200B1E0}"
EndProject
Project("{FAE04EC0-301F-11D3-BF4B-00C04F79EFBC}") = "OEA.RBAC.WPF", "OEA\Plugins\OEA.RBAC.WPF\OEA.RBAC.WPF.csproj", "{547364FE-CCBF-4F72-9B72-F7BB272B0988}"
EndProject
Project("{2150E333-8FDC-42A3-9474-1A3956D46DE8}") = "Demo", "Demo", "{B10C4945-E560-4C2D-80D1-F849899302E4}"
EndProject
Project("{FAE04EC0-301F-11D3-BF4B-00C04F79EFBC}") = "Demo.WPF", "Demo.WPF\Demo.WPF.csproj", "{7833AFAB-2C81-4351-8B14-A2D5A64E0900}"
EndProject
Global
	GlobalSection(SubversionScc) = preSolution
		Svn-Managed = True
		Manager = AnkhSVN - Subversion Support for Visual Studio
	EndGlobalSection
	GlobalSection(TestCaseManagementSettings) = postSolution
		CategoryFile = GIX4_ExpressApp.vsmdi
	EndGlobalSection
	GlobalSection(SolutionConfigurationPlatforms) = preSolution
		_Debug_All|Any CPU = _Debug_All|Any CPU
		_Debug_All|x86 = _Debug_All|x86
		_Debug_UIA_Standard|Any CPU = _Debug_UIA_Standard|Any CPU
		_Debug_UIA_Standard|x86 = _Debug_UIA_Standard|x86
		_Debug_Web|Any CPU = _Debug_Web|Any CPU
		_Debug_Web|x86 = _Debug_Web|x86
		_Debug_WPF|Any CPU = _Debug_WPF|Any CPU
		_Debug_WPF|x86 = _Debug_WPF|x86
		Debug|Any CPU = Debug|Any CPU
		Debug|x86 = Debug|x86
		Release|Any CPU = Release|Any CPU
		Release|x86 = Release|x86
	EndGlobalSection
	GlobalSection(ProjectConfigurationPlatforms) = postSolution
		{84399E4E-CC81-4B1F-9953-586B25B29792}._Debug_All|Any CPU.ActiveCfg = Debug|Any CPU
		{84399E4E-CC81-4B1F-9953-586B25B29792}._Debug_All|Any CPU.Build.0 = Debug|Any CPU
		{84399E4E-CC81-4B1F-9953-586B25B29792}._Debug_All|x86.ActiveCfg = Debug|Any CPU
		{84399E4E-CC81-4B1F-9953-586B25B29792}._Debug_UIA_Standard|Any CPU.ActiveCfg = Debug|Any CPU
		{84399E4E-CC81-4B1F-9953-586B25B29792}._Debug_UIA_Standard|x86.ActiveCfg = Debug|Any CPU
		{84399E4E-CC81-4B1F-9953-586B25B29792}._Debug_Web|Any CPU.ActiveCfg = Debug|Any CPU
		{84399E4E-CC81-4B1F-9953-586B25B29792}._Debug_Web|x86.ActiveCfg = Debug|Any CPU
		{84399E4E-CC81-4B1F-9953-586B25B29792}._Debug_WPF|Any CPU.ActiveCfg = Debug|Any CPU
		{84399E4E-CC81-4B1F-9953-586B25B29792}._Debug_WPF|Any CPU.Build.0 = Debug|Any CPU
		{84399E4E-CC81-4B1F-9953-586B25B29792}._Debug_WPF|x86.ActiveCfg = Debug|Any CPU
		{84399E4E-CC81-4B1F-9953-586B25B29792}.Debug|Any CPU.ActiveCfg = Debug|Any CPU
		{84399E4E-CC81-4B1F-9953-586B25B29792}.Debug|Any CPU.Build.0 = Debug|Any CPU
		{84399E4E-CC81-4B1F-9953-586B25B29792}.Debug|x86.ActiveCfg = Debug|Any CPU
		{84399E4E-CC81-4B1F-9953-586B25B29792}.Release|Any CPU.ActiveCfg = Release|Any CPU
		{84399E4E-CC81-4B1F-9953-586B25B29792}.Release|Any CPU.Build.0 = Release|Any CPU
		{84399E4E-CC81-4B1F-9953-586B25B29792}.Release|x86.ActiveCfg = Release|Any CPU
		{786446BE-FB56-4281-9CA2-D5B699B0B388}._Debug_All|Any CPU.ActiveCfg = Debug|Any CPU
		{786446BE-FB56-4281-9CA2-D5B699B0B388}._Debug_All|Any CPU.Build.0 = Debug|Any CPU
		{786446BE-FB56-4281-9CA2-D5B699B0B388}._Debug_All|x86.ActiveCfg = Debug|Any CPU
		{786446BE-FB56-4281-9CA2-D5B699B0B388}._Debug_UIA_Standard|Any CPU.ActiveCfg = Debug|Any CPU
		{786446BE-FB56-4281-9CA2-D5B699B0B388}._Debug_UIA_Standard|x86.ActiveCfg = Debug|Any CPU
		{786446BE-FB56-4281-9CA2-D5B699B0B388}._Debug_Web|Any CPU.ActiveCfg = Debug|Any CPU
		{786446BE-FB56-4281-9CA2-D5B699B0B388}._Debug_Web|x86.ActiveCfg = Debug|Any CPU
		{786446BE-FB56-4281-9CA2-D5B699B0B388}._Debug_WPF|Any CPU.ActiveCfg = Debug|Any CPU
		{786446BE-FB56-4281-9CA2-D5B699B0B388}._Debug_WPF|Any CPU.Build.0 = Debug|Any CPU
		{786446BE-FB56-4281-9CA2-D5B699B0B388}._Debug_WPF|x86.ActiveCfg = Debug|Any CPU
		{786446BE-FB56-4281-9CA2-D5B699B0B388}.Debug|Any CPU.ActiveCfg = Debug|Any CPU
		{786446BE-FB56-4281-9CA2-D5B699B0B388}.Debug|Any CPU.Build.0 = Debug|Any CPU
		{786446BE-FB56-4281-9CA2-D5B699B0B388}.Debug|x86.ActiveCfg = Debug|Any CPU
		{786446BE-FB56-4281-9CA2-D5B699B0B388}.Release|Any CPU.ActiveCfg = Release|Any CPU
		{786446BE-FB56-4281-9CA2-D5B699B0B388}.Release|Any CPU.Build.0 = Release|Any CPU
		{786446BE-FB56-4281-9CA2-D5B699B0B388}.Release|x86.ActiveCfg = Release|Any CPU
		{9F8BB429-70DE-449A-8A67-5190191E7EE6}._Debug_All|Any CPU.ActiveCfg = Debug|Any CPU
		{9F8BB429-70DE-449A-8A67-5190191E7EE6}._Debug_All|Any CPU.Build.0 = Debug|Any CPU
		{9F8BB429-70DE-449A-8A67-5190191E7EE6}._Debug_All|x86.ActiveCfg = Debug|Any CPU
		{9F8BB429-70DE-449A-8A67-5190191E7EE6}._Debug_UIA_Standard|Any CPU.ActiveCfg = Debug|Any CPU
		{9F8BB429-70DE-449A-8A67-5190191E7EE6}._Debug_UIA_Standard|x86.ActiveCfg = Debug|Any CPU
		{9F8BB429-70DE-449A-8A67-5190191E7EE6}._Debug_Web|Any CPU.ActiveCfg = Debug|Any CPU
		{9F8BB429-70DE-449A-8A67-5190191E7EE6}._Debug_Web|Any CPU.Build.0 = Debug|Any CPU
		{9F8BB429-70DE-449A-8A67-5190191E7EE6}._Debug_Web|x86.ActiveCfg = Debug|Any CPU
		{9F8BB429-70DE-449A-8A67-5190191E7EE6}._Debug_WPF|Any CPU.ActiveCfg = Debug|Any CPU
		{9F8BB429-70DE-449A-8A67-5190191E7EE6}._Debug_WPF|Any CPU.Build.0 = Debug|Any CPU
		{9F8BB429-70DE-449A-8A67-5190191E7EE6}._Debug_WPF|x86.ActiveCfg = Debug|Any CPU
		{9F8BB429-70DE-449A-8A67-5190191E7EE6}.Debug|Any CPU.ActiveCfg = Debug|Any CPU
		{9F8BB429-70DE-449A-8A67-5190191E7EE6}.Debug|Any CPU.Build.0 = Debug|Any CPU
		{9F8BB429-70DE-449A-8A67-5190191E7EE6}.Debug|x86.ActiveCfg = Debug|Any CPU
		{9F8BB429-70DE-449A-8A67-5190191E7EE6}.Release|Any CPU.ActiveCfg = Release|Any CPU
		{9F8BB429-70DE-449A-8A67-5190191E7EE6}.Release|Any CPU.Build.0 = Release|Any CPU
		{9F8BB429-70DE-449A-8A67-5190191E7EE6}.Release|x86.ActiveCfg = Release|Any CPU
		{9AA27D8B-8F77-403B-99D0-51EB0CE01AC6}._Debug_All|Any CPU.ActiveCfg = Debug|Any CPU
		{9AA27D8B-8F77-403B-99D0-51EB0CE01AC6}._Debug_All|Any CPU.Build.0 = Debug|Any CPU
		{9AA27D8B-8F77-403B-99D0-51EB0CE01AC6}._Debug_All|x86.ActiveCfg = Debug|Any CPU
		{9AA27D8B-8F77-403B-99D0-51EB0CE01AC6}._Debug_UIA_Standard|Any CPU.ActiveCfg = Debug|Any CPU
		{9AA27D8B-8F77-403B-99D0-51EB0CE01AC6}._Debug_UIA_Standard|x86.ActiveCfg = Debug|Any CPU
		{9AA27D8B-8F77-403B-99D0-51EB0CE01AC6}._Debug_Web|Any CPU.ActiveCfg = Debug|Any CPU
		{9AA27D8B-8F77-403B-99D0-51EB0CE01AC6}._Debug_Web|x86.ActiveCfg = Debug|Any CPU
		{9AA27D8B-8F77-403B-99D0-51EB0CE01AC6}._Debug_WPF|Any CPU.ActiveCfg = Debug|Any CPU
		{9AA27D8B-8F77-403B-99D0-51EB0CE01AC6}._Debug_WPF|x86.ActiveCfg = Debug|Any CPU
		{9AA27D8B-8F77-403B-99D0-51EB0CE01AC6}.Debug|Any CPU.ActiveCfg = Debug|Any CPU
		{9AA27D8B-8F77-403B-99D0-51EB0CE01AC6}.Debug|Any CPU.Build.0 = Debug|Any CPU
		{9AA27D8B-8F77-403B-99D0-51EB0CE01AC6}.Debug|x86.ActiveCfg = Debug|Any CPU
		{9AA27D8B-8F77-403B-99D0-51EB0CE01AC6}.Release|Any CPU.ActiveCfg = Release|Any CPU
		{9AA27D8B-8F77-403B-99D0-51EB0CE01AC6}.Release|Any CPU.Build.0 = Release|Any CPU
		{9AA27D8B-8F77-403B-99D0-51EB0CE01AC6}.Release|x86.ActiveCfg = Release|Any CPU
		{66BE29D5-F1CA-4941-A4EB-6B3E8F577166}._Debug_All|Any CPU.ActiveCfg = Debug|Any CPU
		{66BE29D5-F1CA-4941-A4EB-6B3E8F577166}._Debug_All|Any CPU.Build.0 = Debug|Any CPU
		{66BE29D5-F1CA-4941-A4EB-6B3E8F577166}._Debug_All|x86.ActiveCfg = Debug|Any CPU
		{66BE29D5-F1CA-4941-A4EB-6B3E8F577166}._Debug_UIA_Standard|Any CPU.ActiveCfg = Debug|Any CPU
		{66BE29D5-F1CA-4941-A4EB-6B3E8F577166}._Debug_UIA_Standard|x86.ActiveCfg = Debug|Any CPU
		{66BE29D5-F1CA-4941-A4EB-6B3E8F577166}._Debug_Web|Any CPU.ActiveCfg = Debug|Any CPU
		{66BE29D5-F1CA-4941-A4EB-6B3E8F577166}._Debug_Web|Any CPU.Build.0 = Debug|Any CPU
		{66BE29D5-F1CA-4941-A4EB-6B3E8F577166}._Debug_Web|x86.ActiveCfg = Debug|Any CPU
		{66BE29D5-F1CA-4941-A4EB-6B3E8F577166}._Debug_WPF|Any CPU.ActiveCfg = Debug|Any CPU
		{66BE29D5-F1CA-4941-A4EB-6B3E8F577166}._Debug_WPF|Any CPU.Build.0 = Debug|Any CPU
		{66BE29D5-F1CA-4941-A4EB-6B3E8F577166}._Debug_WPF|x86.ActiveCfg = Debug|Any CPU
		{66BE29D5-F1CA-4941-A4EB-6B3E8F577166}.Debug|Any CPU.ActiveCfg = Debug|Any CPU
		{66BE29D5-F1CA-4941-A4EB-6B3E8F577166}.Debug|Any CPU.Build.0 = Debug|Any CPU
		{66BE29D5-F1CA-4941-A4EB-6B3E8F577166}.Debug|x86.ActiveCfg = Debug|Any CPU
		{66BE29D5-F1CA-4941-A4EB-6B3E8F577166}.Release|Any CPU.ActiveCfg = Release|Any CPU
		{66BE29D5-F1CA-4941-A4EB-6B3E8F577166}.Release|Any CPU.Build.0 = Release|Any CPU
		{66BE29D5-F1CA-4941-A4EB-6B3E8F577166}.Release|x86.ActiveCfg = Release|Any CPU
		{966A5BF2-D690-426B-AD68-AD868BB8F855}._Debug_All|Any CPU.ActiveCfg = Debug|Any CPU
		{966A5BF2-D690-426B-AD68-AD868BB8F855}._Debug_All|Any CPU.Build.0 = Debug|Any CPU
		{966A5BF2-D690-426B-AD68-AD868BB8F855}._Debug_All|x86.ActiveCfg = Debug|Any CPU
		{966A5BF2-D690-426B-AD68-AD868BB8F855}._Debug_UIA_Standard|Any CPU.ActiveCfg = Debug|Any CPU
		{966A5BF2-D690-426B-AD68-AD868BB8F855}._Debug_UIA_Standard|x86.ActiveCfg = Debug|Any CPU
		{966A5BF2-D690-426B-AD68-AD868BB8F855}._Debug_Web|Any CPU.ActiveCfg = Debug|Any CPU
		{966A5BF2-D690-426B-AD68-AD868BB8F855}._Debug_Web|Any CPU.Build.0 = Debug|Any CPU
		{966A5BF2-D690-426B-AD68-AD868BB8F855}._Debug_Web|x86.ActiveCfg = Debug|Any CPU
		{966A5BF2-D690-426B-AD68-AD868BB8F855}._Debug_WPF|Any CPU.ActiveCfg = Debug|Any CPU
		{966A5BF2-D690-426B-AD68-AD868BB8F855}._Debug_WPF|Any CPU.Build.0 = Debug|Any CPU
		{966A5BF2-D690-426B-AD68-AD868BB8F855}._Debug_WPF|x86.ActiveCfg = Debug|Any CPU
		{966A5BF2-D690-426B-AD68-AD868BB8F855}.Debug|Any CPU.ActiveCfg = Debug|Any CPU
		{966A5BF2-D690-426B-AD68-AD868BB8F855}.Debug|Any CPU.Build.0 = Debug|Any CPU
		{966A5BF2-D690-426B-AD68-AD868BB8F855}.Debug|x86.ActiveCfg = Debug|Any CPU
		{966A5BF2-D690-426B-AD68-AD868BB8F855}.Release|Any CPU.ActiveCfg = Release|Any CPU
		{966A5BF2-D690-426B-AD68-AD868BB8F855}.Release|Any CPU.Build.0 = Release|Any CPU
		{966A5BF2-D690-426B-AD68-AD868BB8F855}.Release|x86.ActiveCfg = Release|Any CPU
		{22A24653-E4A5-48E2-B9C7-A1B24DACECF3}._Debug_All|Any CPU.ActiveCfg = Debug|Any CPU
		{22A24653-E4A5-48E2-B9C7-A1B24DACECF3}._Debug_All|Any CPU.Build.0 = Debug|Any CPU
		{22A24653-E4A5-48E2-B9C7-A1B24DACECF3}._Debug_All|x86.ActiveCfg = Debug|Any CPU
		{22A24653-E4A5-48E2-B9C7-A1B24DACECF3}._Debug_UIA_Standard|Any CPU.ActiveCfg = Debug|Any CPU
		{22A24653-E4A5-48E2-B9C7-A1B24DACECF3}._Debug_UIA_Standard|x86.ActiveCfg = Debug|Any CPU
		{22A24653-E4A5-48E2-B9C7-A1B24DACECF3}._Debug_Web|Any CPU.ActiveCfg = Debug|Any CPU
		{22A24653-E4A5-48E2-B9C7-A1B24DACECF3}._Debug_Web|Any CPU.Build.0 = Debug|Any CPU
		{22A24653-E4A5-48E2-B9C7-A1B24DACECF3}._Debug_Web|x86.ActiveCfg = Debug|Any CPU
		{22A24653-E4A5-48E2-B9C7-A1B24DACECF3}._Debug_WPF|Any CPU.ActiveCfg = Debug|Any CPU
		{22A24653-E4A5-48E2-B9C7-A1B24DACECF3}._Debug_WPF|x86.ActiveCfg = Debug|Any CPU
		{22A24653-E4A5-48E2-B9C7-A1B24DACECF3}.Debug|Any CPU.ActiveCfg = Debug|Any CPU
		{22A24653-E4A5-48E2-B9C7-A1B24DACECF3}.Debug|Any CPU.Build.0 = Debug|Any CPU
		{22A24653-E4A5-48E2-B9C7-A1B24DACECF3}.Debug|x86.ActiveCfg = Debug|Any CPU
		{22A24653-E4A5-48E2-B9C7-A1B24DACECF3}.Release|Any CPU.ActiveCfg = Release|Any CPU
		{22A24653-E4A5-48E2-B9C7-A1B24DACECF3}.Release|Any CPU.Build.0 = Release|Any CPU
		{22A24653-E4A5-48E2-B9C7-A1B24DACECF3}.Release|x86.ActiveCfg = Release|Any CPU
		{9D2CDAC7-CAED-4874-BCAF-3D160B26C48B}._Debug_All|Any CPU.ActiveCfg = Debug|Any CPU
		{9D2CDAC7-CAED-4874-BCAF-3D160B26C48B}._Debug_All|Any CPU.Build.0 = Debug|Any CPU
		{9D2CDAC7-CAED-4874-BCAF-3D160B26C48B}._Debug_All|x86.ActiveCfg = _Debug_UIA_Standard|Any CPU
		{9D2CDAC7-CAED-4874-BCAF-3D160B26C48B}._Debug_UIA_Standard|Any CPU.ActiveCfg = _Debug_UIA_Standard|Any CPU
		{9D2CDAC7-CAED-4874-BCAF-3D160B26C48B}._Debug_UIA_Standard|Any CPU.Build.0 = _Debug_UIA_Standard|Any CPU
		{9D2CDAC7-CAED-4874-BCAF-3D160B26C48B}._Debug_UIA_Standard|x86.ActiveCfg = _Debug_UIA_Standard|Any CPU
		{9D2CDAC7-CAED-4874-BCAF-3D160B26C48B}._Debug_Web|Any CPU.ActiveCfg = Debug|Any CPU
		{9D2CDAC7-CAED-4874-BCAF-3D160B26C48B}._Debug_Web|x86.ActiveCfg = _Debug_UIA_Standard|Any CPU
		{9D2CDAC7-CAED-4874-BCAF-3D160B26C48B}._Debug_WPF|Any CPU.ActiveCfg = Debug|Any CPU
		{9D2CDAC7-CAED-4874-BCAF-3D160B26C48B}._Debug_WPF|x86.ActiveCfg = _Debug_UIA_Standard|Any CPU
		{9D2CDAC7-CAED-4874-BCAF-3D160B26C48B}.Debug|Any CPU.ActiveCfg = _Debug_UIA_Standard|Any CPU
		{9D2CDAC7-CAED-4874-BCAF-3D160B26C48B}.Debug|Any CPU.Build.0 = _Debug_UIA_Standard|Any CPU
		{9D2CDAC7-CAED-4874-BCAF-3D160B26C48B}.Debug|x86.ActiveCfg = Debug|Any CPU
		{9D2CDAC7-CAED-4874-BCAF-3D160B26C48B}.Release|Any CPU.ActiveCfg = Release|Any CPU
		{9D2CDAC7-CAED-4874-BCAF-3D160B26C48B}.Release|Any CPU.Build.0 = Release|Any CPU
		{9D2CDAC7-CAED-4874-BCAF-3D160B26C48B}.Release|x86.ActiveCfg = Release|Any CPU
		{D7C4F80D-24A4-47F1-985C-CFA55CFA13E9}._Debug_All|Any CPU.ActiveCfg = Debug|Any CPU
		{D7C4F80D-24A4-47F1-985C-CFA55CFA13E9}._Debug_All|Any CPU.Build.0 = Debug|Any CPU
		{D7C4F80D-24A4-47F1-985C-CFA55CFA13E9}._Debug_All|x86.ActiveCfg = Debug|Any CPU
		{D7C4F80D-24A4-47F1-985C-CFA55CFA13E9}._Debug_UIA_Standard|Any CPU.ActiveCfg = Debug|Any CPU
		{D7C4F80D-24A4-47F1-985C-CFA55CFA13E9}._Debug_UIA_Standard|Any CPU.Build.0 = Debug|Any CPU
		{D7C4F80D-24A4-47F1-985C-CFA55CFA13E9}._Debug_UIA_Standard|x86.ActiveCfg = Debug|Any CPU
		{D7C4F80D-24A4-47F1-985C-CFA55CFA13E9}._Debug_Web|Any CPU.ActiveCfg = Debug|Any CPU
		{D7C4F80D-24A4-47F1-985C-CFA55CFA13E9}._Debug_Web|Any CPU.Build.0 = Debug|Any CPU
		{D7C4F80D-24A4-47F1-985C-CFA55CFA13E9}._Debug_Web|x86.ActiveCfg = Debug|Any CPU
		{D7C4F80D-24A4-47F1-985C-CFA55CFA13E9}._Debug_WPF|Any CPU.ActiveCfg = Debug|Any CPU
		{D7C4F80D-24A4-47F1-985C-CFA55CFA13E9}._Debug_WPF|Any CPU.Build.0 = Debug|Any CPU
		{D7C4F80D-24A4-47F1-985C-CFA55CFA13E9}._Debug_WPF|x86.ActiveCfg = Debug|Any CPU
		{D7C4F80D-24A4-47F1-985C-CFA55CFA13E9}.Debug|Any CPU.ActiveCfg = Debug|Any CPU
		{D7C4F80D-24A4-47F1-985C-CFA55CFA13E9}.Debug|Any CPU.Build.0 = Debug|Any CPU
		{D7C4F80D-24A4-47F1-985C-CFA55CFA13E9}.Debug|x86.ActiveCfg = Debug|Any CPU
		{D7C4F80D-24A4-47F1-985C-CFA55CFA13E9}.Release|Any CPU.ActiveCfg = Release|Any CPU
		{D7C4F80D-24A4-47F1-985C-CFA55CFA13E9}.Release|Any CPU.Build.0 = Release|Any CPU
		{D7C4F80D-24A4-47F1-985C-CFA55CFA13E9}.Release|x86.ActiveCfg = Release|Any CPU
		{796B149B-32C9-4BB0-A23F-69C012450DB8}._Debug_All|Any CPU.ActiveCfg = Debug|Any CPU
		{796B149B-32C9-4BB0-A23F-69C012450DB8}._Debug_All|Any CPU.Build.0 = Debug|Any CPU
		{796B149B-32C9-4BB0-A23F-69C012450DB8}._Debug_All|x86.ActiveCfg = Debug|Any CPU
		{796B149B-32C9-4BB0-A23F-69C012450DB8}._Debug_UIA_Standard|Any CPU.ActiveCfg = Debug|Any CPU
		{796B149B-32C9-4BB0-A23F-69C012450DB8}._Debug_UIA_Standard|Any CPU.Build.0 = Debug|Any CPU
		{796B149B-32C9-4BB0-A23F-69C012450DB8}._Debug_UIA_Standard|x86.ActiveCfg = Debug|Any CPU
		{796B149B-32C9-4BB0-A23F-69C012450DB8}._Debug_Web|Any CPU.ActiveCfg = Debug|Any CPU
		{796B149B-32C9-4BB0-A23F-69C012450DB8}._Debug_Web|Any CPU.Build.0 = Debug|Any CPU
		{796B149B-32C9-4BB0-A23F-69C012450DB8}._Debug_Web|x86.ActiveCfg = Debug|Any CPU
		{796B149B-32C9-4BB0-A23F-69C012450DB8}._Debug_WPF|Any CPU.ActiveCfg = Debug|Any CPU
		{796B149B-32C9-4BB0-A23F-69C012450DB8}._Debug_WPF|Any CPU.Build.0 = Debug|Any CPU
		{796B149B-32C9-4BB0-A23F-69C012450DB8}._Debug_WPF|x86.ActiveCfg = Debug|Any CPU
		{796B149B-32C9-4BB0-A23F-69C012450DB8}.Debug|Any CPU.ActiveCfg = Debug|Any CPU
		{796B149B-32C9-4BB0-A23F-69C012450DB8}.Debug|Any CPU.Build.0 = Debug|Any CPU
		{796B149B-32C9-4BB0-A23F-69C012450DB8}.Debug|x86.ActiveCfg = Debug|Any CPU
		{796B149B-32C9-4BB0-A23F-69C012450DB8}.Release|Any CPU.ActiveCfg = Release|Any CPU
		{796B149B-32C9-4BB0-A23F-69C012450DB8}.Release|Any CPU.Build.0 = Release|Any CPU
		{796B149B-32C9-4BB0-A23F-69C012450DB8}.Release|x86.ActiveCfg = Release|Any CPU
		{FF2C86C5-115B-4639-B0AC-7A4851509DCC}._Debug_All|Any CPU.ActiveCfg = Debug|Any CPU
		{FF2C86C5-115B-4639-B0AC-7A4851509DCC}._Debug_All|Any CPU.Build.0 = Debug|Any CPU
		{FF2C86C5-115B-4639-B0AC-7A4851509DCC}._Debug_All|x86.ActiveCfg = Debug|Any CPU
		{FF2C86C5-115B-4639-B0AC-7A4851509DCC}._Debug_UIA_Standard|Any CPU.ActiveCfg = Debug|Any CPU
		{FF2C86C5-115B-4639-B0AC-7A4851509DCC}._Debug_UIA_Standard|Any CPU.Build.0 = Debug|Any CPU
		{FF2C86C5-115B-4639-B0AC-7A4851509DCC}._Debug_UIA_Standard|x86.ActiveCfg = Debug|Any CPU
		{FF2C86C5-115B-4639-B0AC-7A4851509DCC}._Debug_Web|Any CPU.ActiveCfg = Debug|Any CPU
		{FF2C86C5-115B-4639-B0AC-7A4851509DCC}._Debug_Web|Any CPU.Build.0 = Debug|Any CPU
		{FF2C86C5-115B-4639-B0AC-7A4851509DCC}._Debug_Web|x86.ActiveCfg = Debug|Any CPU
		{FF2C86C5-115B-4639-B0AC-7A4851509DCC}._Debug_WPF|Any CPU.ActiveCfg = Debug|Any CPU
		{FF2C86C5-115B-4639-B0AC-7A4851509DCC}._Debug_WPF|x86.ActiveCfg = Debug|Any CPU
		{FF2C86C5-115B-4639-B0AC-7A4851509DCC}.Debug|Any CPU.ActiveCfg = Debug|Any CPU
		{FF2C86C5-115B-4639-B0AC-7A4851509DCC}.Debug|Any CPU.Build.0 = Debug|Any CPU
		{FF2C86C5-115B-4639-B0AC-7A4851509DCC}.Debug|x86.ActiveCfg = Debug|Any CPU
		{FF2C86C5-115B-4639-B0AC-7A4851509DCC}.Release|Any CPU.ActiveCfg = Release|Any CPU
		{FF2C86C5-115B-4639-B0AC-7A4851509DCC}.Release|Any CPU.Build.0 = Release|Any CPU
		{FF2C86C5-115B-4639-B0AC-7A4851509DCC}.Release|x86.ActiveCfg = Release|Any CPU
		{2AECFBB6-34AC-41A6-AB8C-F52A3F68BA1A}._Debug_All|Any CPU.ActiveCfg = Debug|Any CPU
		{2AECFBB6-34AC-41A6-AB8C-F52A3F68BA1A}._Debug_All|Any CPU.Build.0 = Debug|Any CPU
		{2AECFBB6-34AC-41A6-AB8C-F52A3F68BA1A}._Debug_All|x86.ActiveCfg = Debug|Any CPU
		{2AECFBB6-34AC-41A6-AB8C-F52A3F68BA1A}._Debug_UIA_Standard|Any CPU.ActiveCfg = Debug|Any CPU
		{2AECFBB6-34AC-41A6-AB8C-F52A3F68BA1A}._Debug_UIA_Standard|Any CPU.Build.0 = Debug|Any CPU
		{2AECFBB6-34AC-41A6-AB8C-F52A3F68BA1A}._Debug_UIA_Standard|x86.ActiveCfg = Debug|Any CPU
		{2AECFBB6-34AC-41A6-AB8C-F52A3F68BA1A}._Debug_Web|Any CPU.ActiveCfg = Debug|Any CPU
		{2AECFBB6-34AC-41A6-AB8C-F52A3F68BA1A}._Debug_Web|Any CPU.Build.0 = Debug|Any CPU
		{2AECFBB6-34AC-41A6-AB8C-F52A3F68BA1A}._Debug_Web|x86.ActiveCfg = Debug|Any CPU
		{2AECFBB6-34AC-41A6-AB8C-F52A3F68BA1A}._Debug_WPF|Any CPU.ActiveCfg = Debug|Any CPU
		{2AECFBB6-34AC-41A6-AB8C-F52A3F68BA1A}._Debug_WPF|Any CPU.Build.0 = Debug|Any CPU
		{2AECFBB6-34AC-41A6-AB8C-F52A3F68BA1A}._Debug_WPF|x86.ActiveCfg = Debug|Any CPU
		{2AECFBB6-34AC-41A6-AB8C-F52A3F68BA1A}.Debug|Any CPU.ActiveCfg = Debug|Any CPU
		{2AECFBB6-34AC-41A6-AB8C-F52A3F68BA1A}.Debug|Any CPU.Build.0 = Debug|Any CPU
		{2AECFBB6-34AC-41A6-AB8C-F52A3F68BA1A}.Debug|x86.ActiveCfg = Debug|Any CPU
		{2AECFBB6-34AC-41A6-AB8C-F52A3F68BA1A}.Release|Any CPU.ActiveCfg = Release|Any CPU
		{2AECFBB6-34AC-41A6-AB8C-F52A3F68BA1A}.Release|Any CPU.Build.0 = Release|Any CPU
		{2AECFBB6-34AC-41A6-AB8C-F52A3F68BA1A}.Release|x86.ActiveCfg = Release|Any CPU
		{BBC530FC-0B10-4DA9-9360-FFF250415EB5}._Debug_All|Any CPU.ActiveCfg = Debug|Any CPU
		{BBC530FC-0B10-4DA9-9360-FFF250415EB5}._Debug_All|Any CPU.Build.0 = Debug|Any CPU
		{BBC530FC-0B10-4DA9-9360-FFF250415EB5}._Debug_All|x86.ActiveCfg = Debug|Any CPU
		{BBC530FC-0B10-4DA9-9360-FFF250415EB5}._Debug_UIA_Standard|Any CPU.ActiveCfg = Debug|Any CPU
		{BBC530FC-0B10-4DA9-9360-FFF250415EB5}._Debug_UIA_Standard|Any CPU.Build.0 = Debug|Any CPU
		{BBC530FC-0B10-4DA9-9360-FFF250415EB5}._Debug_UIA_Standard|x86.ActiveCfg = Debug|Any CPU
		{BBC530FC-0B10-4DA9-9360-FFF250415EB5}._Debug_Web|Any CPU.ActiveCfg = Debug|Any CPU
		{BBC530FC-0B10-4DA9-9360-FFF250415EB5}._Debug_Web|Any CPU.Build.0 = Debug|Any CPU
		{BBC530FC-0B10-4DA9-9360-FFF250415EB5}._Debug_Web|x86.ActiveCfg = Debug|Any CPU
		{BBC530FC-0B10-4DA9-9360-FFF250415EB5}._Debug_WPF|Any CPU.ActiveCfg = Debug|Any CPU
		{BBC530FC-0B10-4DA9-9360-FFF250415EB5}._Debug_WPF|Any CPU.Build.0 = Debug|Any CPU
		{BBC530FC-0B10-4DA9-9360-FFF250415EB5}._Debug_WPF|x86.ActiveCfg = Debug|Any CPU
		{BBC530FC-0B10-4DA9-9360-FFF250415EB5}.Debug|Any CPU.ActiveCfg = Debug|Any CPU
		{BBC530FC-0B10-4DA9-9360-FFF250415EB5}.Debug|Any CPU.Build.0 = Debug|Any CPU
		{BBC530FC-0B10-4DA9-9360-FFF250415EB5}.Debug|x86.ActiveCfg = Debug|Any CPU
		{BBC530FC-0B10-4DA9-9360-FFF250415EB5}.Release|Any CPU.ActiveCfg = Release|Any CPU
		{BBC530FC-0B10-4DA9-9360-FFF250415EB5}.Release|Any CPU.Build.0 = Release|Any CPU
		{BBC530FC-0B10-4DA9-9360-FFF250415EB5}.Release|x86.ActiveCfg = Release|Any CPU
		{03D5A267-C106-42A9-8959-93D7AE3648DD}._Debug_All|Any CPU.ActiveCfg = Debug|Any CPU
		{03D5A267-C106-42A9-8959-93D7AE3648DD}._Debug_All|Any CPU.Build.0 = Debug|Any CPU
		{03D5A267-C106-42A9-8959-93D7AE3648DD}._Debug_All|x86.ActiveCfg = Debug|Any CPU
		{03D5A267-C106-42A9-8959-93D7AE3648DD}._Debug_UIA_Standard|Any CPU.ActiveCfg = Debug|Any CPU
		{03D5A267-C106-42A9-8959-93D7AE3648DD}._Debug_UIA_Standard|Any CPU.Build.0 = Debug|Any CPU
		{03D5A267-C106-42A9-8959-93D7AE3648DD}._Debug_UIA_Standard|x86.ActiveCfg = Debug|Any CPU
		{03D5A267-C106-42A9-8959-93D7AE3648DD}._Debug_Web|Any CPU.ActiveCfg = Debug|Any CPU
		{03D5A267-C106-42A9-8959-93D7AE3648DD}._Debug_Web|x86.ActiveCfg = Debug|Any CPU
		{03D5A267-C106-42A9-8959-93D7AE3648DD}._Debug_WPF|Any CPU.ActiveCfg = Debug|Any CPU
		{03D5A267-C106-42A9-8959-93D7AE3648DD}._Debug_WPF|Any CPU.Build.0 = Debug|Any CPU
		{03D5A267-C106-42A9-8959-93D7AE3648DD}._Debug_WPF|x86.ActiveCfg = Debug|Any CPU
		{03D5A267-C106-42A9-8959-93D7AE3648DD}.Debug|Any CPU.ActiveCfg = Debug|Any CPU
		{03D5A267-C106-42A9-8959-93D7AE3648DD}.Debug|Any CPU.Build.0 = Debug|Any CPU
		{03D5A267-C106-42A9-8959-93D7AE3648DD}.Debug|x86.ActiveCfg = Debug|Any CPU
		{03D5A267-C106-42A9-8959-93D7AE3648DD}.Release|Any CPU.ActiveCfg = Release|Any CPU
		{03D5A267-C106-42A9-8959-93D7AE3648DD}.Release|Any CPU.Build.0 = Release|Any CPU
		{03D5A267-C106-42A9-8959-93D7AE3648DD}.Release|x86.ActiveCfg = Release|Any CPU
		{D226414C-37F6-4618-8B91-7E80E7D2C42E}._Debug_All|Any CPU.ActiveCfg = Debug|Any CPU
		{D226414C-37F6-4618-8B91-7E80E7D2C42E}._Debug_All|Any CPU.Build.0 = Debug|Any CPU
		{D226414C-37F6-4618-8B91-7E80E7D2C42E}._Debug_All|x86.ActiveCfg = Debug|Any CPU
		{D226414C-37F6-4618-8B91-7E80E7D2C42E}._Debug_UIA_Standard|Any CPU.ActiveCfg = Debug|Any CPU
		{D226414C-37F6-4618-8B91-7E80E7D2C42E}._Debug_UIA_Standard|Any CPU.Build.0 = Debug|Any CPU
		{D226414C-37F6-4618-8B91-7E80E7D2C42E}._Debug_UIA_Standard|x86.ActiveCfg = Debug|Any CPU
		{D226414C-37F6-4618-8B91-7E80E7D2C42E}._Debug_Web|Any CPU.ActiveCfg = Debug|Any CPU
		{D226414C-37F6-4618-8B91-7E80E7D2C42E}._Debug_Web|x86.ActiveCfg = Debug|Any CPU
		{D226414C-37F6-4618-8B91-7E80E7D2C42E}._Debug_WPF|Any CPU.ActiveCfg = Debug|Any CPU
		{D226414C-37F6-4618-8B91-7E80E7D2C42E}._Debug_WPF|x86.ActiveCfg = Debug|Any CPU
		{D226414C-37F6-4618-8B91-7E80E7D2C42E}.Debug|Any CPU.ActiveCfg = Debug|Any CPU
		{D226414C-37F6-4618-8B91-7E80E7D2C42E}.Debug|Any CPU.Build.0 = Debug|Any CPU
		{D226414C-37F6-4618-8B91-7E80E7D2C42E}.Debug|x86.ActiveCfg = Debug|Any CPU
		{D226414C-37F6-4618-8B91-7E80E7D2C42E}.Release|Any CPU.ActiveCfg = Release|Any CPU
		{D226414C-37F6-4618-8B91-7E80E7D2C42E}.Release|Any CPU.Build.0 = Release|Any CPU
		{D226414C-37F6-4618-8B91-7E80E7D2C42E}.Release|x86.ActiveCfg = Release|Any CPU
		{A2F2F4E8-A6EC-4856-A1DA-BD4EB783041D}._Debug_All|Any CPU.ActiveCfg = Debug|Any CPU
		{A2F2F4E8-A6EC-4856-A1DA-BD4EB783041D}._Debug_All|Any CPU.Build.0 = Debug|Any CPU
		{A2F2F4E8-A6EC-4856-A1DA-BD4EB783041D}._Debug_All|x86.ActiveCfg = Debug|Any CPU
		{A2F2F4E8-A6EC-4856-A1DA-BD4EB783041D}._Debug_UIA_Standard|Any CPU.ActiveCfg = Debug|Any CPU
		{A2F2F4E8-A6EC-4856-A1DA-BD4EB783041D}._Debug_UIA_Standard|Any CPU.Build.0 = Debug|Any CPU
		{A2F2F4E8-A6EC-4856-A1DA-BD4EB783041D}._Debug_UIA_Standard|x86.ActiveCfg = Debug|Any CPU
		{A2F2F4E8-A6EC-4856-A1DA-BD4EB783041D}._Debug_Web|Any CPU.ActiveCfg = Debug|Any CPU
		{A2F2F4E8-A6EC-4856-A1DA-BD4EB783041D}._Debug_Web|x86.ActiveCfg = Debug|Any CPU
		{A2F2F4E8-A6EC-4856-A1DA-BD4EB783041D}._Debug_WPF|Any CPU.ActiveCfg = Debug|Any CPU
		{A2F2F4E8-A6EC-4856-A1DA-BD4EB783041D}._Debug_WPF|x86.ActiveCfg = Debug|Any CPU
		{A2F2F4E8-A6EC-4856-A1DA-BD4EB783041D}.Debug|Any CPU.ActiveCfg = Debug|Any CPU
		{A2F2F4E8-A6EC-4856-A1DA-BD4EB783041D}.Debug|Any CPU.Build.0 = Debug|Any CPU
		{A2F2F4E8-A6EC-4856-A1DA-BD4EB783041D}.Debug|x86.ActiveCfg = Debug|Any CPU
		{A2F2F4E8-A6EC-4856-A1DA-BD4EB783041D}.Release|Any CPU.ActiveCfg = Release|Any CPU
		{A2F2F4E8-A6EC-4856-A1DA-BD4EB783041D}.Release|Any CPU.Build.0 = Release|Any CPU
		{A2F2F4E8-A6EC-4856-A1DA-BD4EB783041D}.Release|x86.ActiveCfg = Release|Any CPU
		{257BF7C4-07DE-4E76-B2E2-443E2200B1E0}._Debug_All|Any CPU.ActiveCfg = Debug|x86
		{257BF7C4-07DE-4E76-B2E2-443E2200B1E0}._Debug_All|Any CPU.Build.0 = Debug|x86
		{257BF7C4-07DE-4E76-B2E2-443E2200B1E0}._Debug_All|x86.ActiveCfg = Debug|x86
		{257BF7C4-07DE-4E76-B2E2-443E2200B1E0}._Debug_All|x86.Build.0 = Debug|x86
		{257BF7C4-07DE-4E76-B2E2-443E2200B1E0}._Debug_UIA_Standard|Any CPU.ActiveCfg = Debug|x86
		{257BF7C4-07DE-4E76-B2E2-443E2200B1E0}._Debug_UIA_Standard|x86.ActiveCfg = Debug|x86
		{257BF7C4-07DE-4E76-B2E2-443E2200B1E0}._Debug_UIA_Standard|x86.Build.0 = Debug|x86
		{257BF7C4-07DE-4E76-B2E2-443E2200B1E0}._Debug_Web|Any CPU.ActiveCfg = Debug|x86
		{257BF7C4-07DE-4E76-B2E2-443E2200B1E0}._Debug_Web|x86.ActiveCfg = Debug|x86
		{257BF7C4-07DE-4E76-B2E2-443E2200B1E0}._Debug_Web|x86.Build.0 = Debug|x86
		{257BF7C4-07DE-4E76-B2E2-443E2200B1E0}._Debug_WPF|Any CPU.ActiveCfg = Debug|x86
		{257BF7C4-07DE-4E76-B2E2-443E2200B1E0}._Debug_WPF|Any CPU.Build.0 = Debug|x86
		{257BF7C4-07DE-4E76-B2E2-443E2200B1E0}._Debug_WPF|x86.ActiveCfg = Debug|x86
		{257BF7C4-07DE-4E76-B2E2-443E2200B1E0}._Debug_WPF|x86.Build.0 = Debug|x86
		{257BF7C4-07DE-4E76-B2E2-443E2200B1E0}.Debug|Any CPU.ActiveCfg = Debug|x86
		{257BF7C4-07DE-4E76-B2E2-443E2200B1E0}.Debug|x86.ActiveCfg = Debug|x86
		{257BF7C4-07DE-4E76-B2E2-443E2200B1E0}.Debug|x86.Build.0 = Debug|x86
		{257BF7C4-07DE-4E76-B2E2-443E2200B1E0}.Release|Any CPU.ActiveCfg = Release|x86
		{257BF7C4-07DE-4E76-B2E2-443E2200B1E0}.Release|x86.ActiveCfg = Release|x86
		{257BF7C4-07DE-4E76-B2E2-443E2200B1E0}.Release|x86.Build.0 = Release|x86
		{547364FE-CCBF-4F72-9B72-F7BB272B0988}._Debug_All|Any CPU.ActiveCfg = Debug|Any CPU
		{547364FE-CCBF-4F72-9B72-F7BB272B0988}._Debug_All|Any CPU.Build.0 = Debug|Any CPU
		{547364FE-CCBF-4F72-9B72-F7BB272B0988}._Debug_All|x86.ActiveCfg = Debug|Any CPU
		{547364FE-CCBF-4F72-9B72-F7BB272B0988}._Debug_UIA_Standard|Any CPU.ActiveCfg = Debug|Any CPU
		{547364FE-CCBF-4F72-9B72-F7BB272B0988}._Debug_UIA_Standard|Any CPU.Build.0 = Debug|Any CPU
		{547364FE-CCBF-4F72-9B72-F7BB272B0988}._Debug_UIA_Standard|x86.ActiveCfg = Debug|Any CPU
		{547364FE-CCBF-4F72-9B72-F7BB272B0988}._Debug_Web|Any CPU.ActiveCfg = Debug|Any CPU
		{547364FE-CCBF-4F72-9B72-F7BB272B0988}._Debug_Web|x86.ActiveCfg = Debug|Any CPU
		{547364FE-CCBF-4F72-9B72-F7BB272B0988}._Debug_WPF|Any CPU.ActiveCfg = Debug|Any CPU
		{547364FE-CCBF-4F72-9B72-F7BB272B0988}._Debug_WPF|Any CPU.Build.0 = Debug|Any CPU
		{547364FE-CCBF-4F72-9B72-F7BB272B0988}._Debug_WPF|x86.ActiveCfg = Debug|Any CPU
		{547364FE-CCBF-4F72-9B72-F7BB272B0988}.Debug|Any CPU.ActiveCfg = Debug|Any CPU
		{547364FE-CCBF-4F72-9B72-F7BB272B0988}.Debug|Any CPU.Build.0 = Debug|Any CPU
		{547364FE-CCBF-4F72-9B72-F7BB272B0988}.Debug|x86.ActiveCfg = Debug|Any CPU
		{547364FE-CCBF-4F72-9B72-F7BB272B0988}.Release|Any CPU.ActiveCfg = Release|Any CPU
		{547364FE-CCBF-4F72-9B72-F7BB272B0988}.Release|Any CPU.Build.0 = Release|Any CPU
		{547364FE-CCBF-4F72-9B72-F7BB272B0988}.Release|x86.ActiveCfg = Release|Any CPU
		{7833AFAB-2C81-4351-8B14-A2D5A64E0900}._Debug_All|Any CPU.ActiveCfg = Debug|Any CPU
		{7833AFAB-2C81-4351-8B14-A2D5A64E0900}._Debug_All|Any CPU.Build.0 = Debug|Any CPU
		{7833AFAB-2C81-4351-8B14-A2D5A64E0900}._Debug_All|x86.ActiveCfg = Debug|Any CPU
		{7833AFAB-2C81-4351-8B14-A2D5A64E0900}._Debug_UIA_Standard|Any CPU.ActiveCfg = Debug|Any CPU
		{7833AFAB-2C81-4351-8B14-A2D5A64E0900}._Debug_UIA_Standard|Any CPU.Build.0 = Debug|Any CPU
		{7833AFAB-2C81-4351-8B14-A2D5A64E0900}._Debug_UIA_Standard|x86.ActiveCfg = Debug|Any CPU
		{7833AFAB-2C81-4351-8B14-A2D5A64E0900}._Debug_Web|Any CPU.ActiveCfg = Debug|Any CPU
		{7833AFAB-2C81-4351-8B14-A2D5A64E0900}._Debug_Web|Any CPU.Build.0 = Debug|Any CPU
		{7833AFAB-2C81-4351-8B14-A2D5A64E0900}._Debug_Web|x86.ActiveCfg = Debug|Any CPU
		{7833AFAB-2C81-4351-8B14-A2D5A64E0900}._Debug_WPF|Any CPU.ActiveCfg = Debug|Any CPU
		{7833AFAB-2C81-4351-8B14-A2D5A64E0900}._Debug_WPF|Any CPU.Build.0 = Debug|Any CPU
		{7833AFAB-2C81-4351-8B14-A2D5A64E0900}._Debug_WPF|x86.ActiveCfg = Debug|Any CPU
		{7833AFAB-2C81-4351-8B14-A2D5A64E0900}.Debug|Any CPU.ActiveCfg = Debug|Any CPU
		{7833AFAB-2C81-4351-8B14-A2D5A64E0900}.Debug|Any CPU.Build.0 = Debug|Any CPU
		{7833AFAB-2C81-4351-8B14-A2D5A64E0900}.Debug|x86.ActiveCfg = Debug|Any CPU
		{7833AFAB-2C81-4351-8B14-A2D5A64E0900}.Release|Any CPU.ActiveCfg = Release|Any CPU
		{7833AFAB-2C81-4351-8B14-A2D5A64E0900}.Release|Any CPU.Build.0 = Release|Any CPU
		{7833AFAB-2C81-4351-8B14-A2D5A64E0900}.Release|x86.ActiveCfg = Release|Any CPU
	EndGlobalSection
	GlobalSection(SolutionProperties) = preSolution
		HideSolutionNode = FALSE
	EndGlobalSection
	GlobalSection(NestedProjects) = preSolution
		{E89C0D0B-94BF-422A-9575-284839572211} = {96BE2240-F243-41C6-B050-CDD83504633B}
		{9F8BB429-70DE-449A-8A67-5190191E7EE6} = {96BE2240-F243-41C6-B050-CDD83504633B}
		{9AA27D8B-8F77-403B-99D0-51EB0CE01AC6} = {96BE2240-F243-41C6-B050-CDD83504633B}
		{66BE29D5-F1CA-4941-A4EB-6B3E8F577166} = {96BE2240-F243-41C6-B050-CDD83504633B}
		{88EAF8AF-E139-4254-9BDF-5DB3F48C12B2} = {96BE2240-F243-41C6-B050-CDD83504633B}
		{966A5BF2-D690-426B-AD68-AD868BB8F855} = {96BE2240-F243-41C6-B050-CDD83504633B}
		{A9CBF9E8-4250-4282-8C3C-658DFD9B4084} = {96BE2240-F243-41C6-B050-CDD83504633B}
		{D7C4F80D-24A4-47F1-985C-CFA55CFA13E9} = {96BE2240-F243-41C6-B050-CDD83504633B}
		{796B149B-32C9-4BB0-A23F-69C012450DB8} = {96BE2240-F243-41C6-B050-CDD83504633B}
		{DC52A572-512A-4D70-81C0-F0EF8B6FFC85} = {96BE2240-F243-41C6-B050-CDD83504633B}
		{786446BE-FB56-4281-9CA2-D5B699B0B388} = {E89C0D0B-94BF-422A-9575-284839572211}
		{84399E4E-CC81-4B1F-9953-586B25B29792} = {E89C0D0B-94BF-422A-9575-284839572211}
		{22A24653-E4A5-48E2-B9C7-A1B24DACECF3} = {88EAF8AF-E139-4254-9BDF-5DB3F48C12B2}
		{2AECFBB6-34AC-41A6-AB8C-F52A3F68BA1A} = {88EAF8AF-E139-4254-9BDF-5DB3F48C12B2}
		{9D2CDAC7-CAED-4874-BCAF-3D160B26C48B} = {A9CBF9E8-4250-4282-8C3C-658DFD9B4084}
		{BBC530FC-0B10-4DA9-9360-FFF250415EB5} = {B10C4945-E560-4C2D-80D1-F849899302E4}
		{7833AFAB-2C81-4351-8B14-A2D5A64E0900} = {B10C4945-E560-4C2D-80D1-F849899302E4}
		{03D5A267-C106-42A9-8959-93D7AE3648DD} = {DC52A572-512A-4D70-81C0-F0EF8B6FFC85}
		{D226414C-37F6-4618-8B91-7E80E7D2C42E} = {DC52A572-512A-4D70-81C0-F0EF8B6FFC85}
		{A2F2F4E8-A6EC-4856-A1DA-BD4EB783041D} = {DC52A572-512A-4D70-81C0-F0EF8B6FFC85}
		{547364FE-CCBF-4F72-9B72-F7BB272B0988} = {DC52A572-512A-4D70-81C0-F0EF8B6FFC85}
	EndGlobalSection
EndGlobal
